// !$*UTF8*$!
{
	archiveVersion = 1;
	classes = {
	};
	objectVersion = 50;
	objects = {

/* Begin PBXBuildFile section */
		65E1275E259228490010B608 /* AppDelegate.swift in Sources */ = {isa = PBXBuildFile; fileRef = 65E1275D259228490010B608 /* AppDelegate.swift */; };
		65E12760259228490010B608 /* SceneDelegate.swift in Sources */ = {isa = PBXBuildFile; fileRef = 65E1275F259228490010B608 /* SceneDelegate.swift */; };
		65E12762259228490010B608 /* AlbumsOverviewViewController.swift in Sources */ = {isa = PBXBuildFile; fileRef = 65E12761259228490010B608 /* AlbumsOverviewViewController.swift */; };
		65E127672592284B0010B608 /* Assets.xcassets in Resources */ = {isa = PBXBuildFile; fileRef = 65E127662592284B0010B608 /* Assets.xcassets */; };
		65E1276A2592284B0010B608 /* LaunchScreen.storyboard in Resources */ = {isa = PBXBuildFile; fileRef = 65E127682592284B0010B608 /* LaunchScreen.storyboard */; };
		65E1277825922B800010B608 /* StorageProvider.framework in Frameworks */ = {isa = PBXBuildFile; fileRef = 65E1277725922B800010B608 /* StorageProvider.framework */; };
		65E1277925922B800010B608 /* StorageProvider.framework in Embed Frameworks */ = {isa = PBXBuildFile; fileRef = 65E1277725922B800010B608 /* StorageProvider.framework */; settings = {ATTRIBUTES = (CodeSignOnCopy, RemoveHeadersOnCopy, ); }; };
		65E1277C25922C060010B608 /* LayoutHelpers.swift in Sources */ = {isa = PBXBuildFile; fileRef = 65E1277B25922C060010B608 /* LayoutHelpers.swift */; };
		65E1277E25922D5C0010B608 /* AlbumsProvider.swift in Sources */ = {isa = PBXBuildFile; fileRef = 65E1277D25922D5C0010B608 /* AlbumsProvider.swift */; };
		65E1278025922DD80010B608 /* ViewControllerHelpers.swift in Sources */ = {isa = PBXBuildFile; fileRef = 65E1277F25922DD80010B608 /* ViewControllerHelpers.swift */; };
		65E12782259231040010B608 /* AddAlbumViewController.swift in Sources */ = {isa = PBXBuildFile; fileRef = 65E12781259231040010B608 /* AddAlbumViewController.swift */; };
		65E127902592535F0010B608 /* AlbumDetailViewController.swift in Sources */ = {isa = PBXBuildFile; fileRef = 65E1278F2592535F0010B608 /* AlbumDetailViewController.swift */; };
		65E12792259259250010B608 /* AddNoteViewController.swift in Sources */ = {isa = PBXBuildFile; fileRef = 65E12791259259250010B608 /* AddNoteViewController.swift */; };
		97738E4025934769008285C2 /* AlbumCell.swift in Sources */ = {isa = PBXBuildFile; fileRef = 97738E3F25934769008285C2 /* AlbumCell.swift */; };
/* End PBXBuildFile section */

/* Begin PBXCopyFilesBuildPhase section */
		65E1277A25922B800010B608 /* Embed Frameworks */ = {
			isa = PBXCopyFilesBuildPhase;
			buildActionMask = 2147483647;
			dstPath = "";
			dstSubfolderSpec = 10;
			files = (
				65E1277925922B800010B608 /* StorageProvider.framework in Embed Frameworks */,
			);
			name = "Embed Frameworks";
			runOnlyForDeploymentPostprocessing = 0;
		};
/* End PBXCopyFilesBuildPhase section */

/* Begin PBXFileReference section */
		65E1275A259228490010B608 /* Chapter10_UIKit.app */ = {isa = PBXFileReference; explicitFileType = wrapper.application; includeInIndex = 0; path = Chapter10_UIKit.app; sourceTree = BUILT_PRODUCTS_DIR; };
		65E1275D259228490010B608 /* AppDelegate.swift */ = {isa = PBXFileReference; lastKnownFileType = sourcecode.swift; path = AppDelegate.swift; sourceTree = "<group>"; };
		65E1275F259228490010B608 /* SceneDelegate.swift */ = {isa = PBXFileReference; lastKnownFileType = sourcecode.swift; path = SceneDelegate.swift; sourceTree = "<group>"; };
		65E12761259228490010B608 /* AlbumsOverviewViewController.swift */ = {isa = PBXFileReference; lastKnownFileType = sourcecode.swift; path = AlbumsOverviewViewController.swift; sourceTree = "<group>"; };
		65E127662592284B0010B608 /* Assets.xcassets */ = {isa = PBXFileReference; lastKnownFileType = folder.assetcatalog; path = Assets.xcassets; sourceTree = "<group>"; };
		65E127692592284B0010B608 /* Base */ = {isa = PBXFileReference; lastKnownFileType = file.storyboard; name = Base; path = Base.lproj/LaunchScreen.storyboard; sourceTree = "<group>"; };
		65E1276B2592284B0010B608 /* Info.plist */ = {isa = PBXFileReference; lastKnownFileType = text.plist.xml; path = Info.plist; sourceTree = "<group>"; };
		65E1277725922B800010B608 /* StorageProvider.framework */ = {isa = PBXFileReference; explicitFileType = wrapper.framework; path = StorageProvider.framework; sourceTree = BUILT_PRODUCTS_DIR; };
		65E1277B25922C060010B608 /* LayoutHelpers.swift */ = {isa = PBXFileReference; lastKnownFileType = sourcecode.swift; path = LayoutHelpers.swift; sourceTree = "<group>"; };
		65E1277D25922D5C0010B608 /* AlbumsProvider.swift */ = {isa = PBXFileReference; lastKnownFileType = sourcecode.swift; path = AlbumsProvider.swift; sourceTree = "<group>"; };
		65E1277F25922DD80010B608 /* ViewControllerHelpers.swift */ = {isa = PBXFileReference; lastKnownFileType = sourcecode.swift; path = ViewControllerHelpers.swift; sourceTree = "<group>"; };
		65E12781259231040010B608 /* AddAlbumViewController.swift */ = {isa = PBXFileReference; lastKnownFileType = sourcecode.swift; path = AddAlbumViewController.swift; sourceTree = "<group>"; };
		65E1278F2592535F0010B608 /* AlbumDetailViewController.swift */ = {isa = PBXFileReference; lastKnownFileType = sourcecode.swift; path = AlbumDetailViewController.swift; sourceTree = "<group>"; };
		65E12791259259250010B608 /* AddNoteViewController.swift */ = {isa = PBXFileReference; lastKnownFileType = sourcecode.swift; path = AddNoteViewController.swift; sourceTree = "<group>"; };
		97738E3F25934769008285C2 /* AlbumCell.swift */ = {isa = PBXFileReference; lastKnownFileType = sourcecode.swift; path = AlbumCell.swift; sourceTree = "<group>"; };
/* End PBXFileReference section */

/* Begin PBXFrameworksBuildPhase section */
		65E12757259228490010B608 /* Frameworks */ = {
			isa = PBXFrameworksBuildPhase;
			buildActionMask = 2147483647;
			files = (
				65E1277825922B800010B608 /* StorageProvider.framework in Frameworks */,
			);
			runOnlyForDeploymentPostprocessing = 0;
		};
/* End PBXFrameworksBuildPhase section */

/* Begin PBXGroup section */
		65E12751259228490010B608 = {
			isa = PBXGroup;
			children = (
				65E1275C259228490010B608 /* Chapter10_UIKit */,
				65E1275B259228490010B608 /* Products */,
				65E1277625922B800010B608 /* Frameworks */,
			);
			sourceTree = "<group>";
		};
		65E1275B259228490010B608 /* Products */ = {
			isa = PBXGroup;
			children = (
				65E1275A259228490010B608 /* Chapter10_UIKit.app */,
			);
			name = Products;
			sourceTree = "<group>";
		};
		65E1275C259228490010B608 /* Chapter10_UIKit */ = {
			isa = PBXGroup;
			children = (
				97738E3E2593475E008285C2 /* Cells */,
				65E1275D259228490010B608 /* AppDelegate.swift */,
				65E1275F259228490010B608 /* SceneDelegate.swift */,
				65E12761259228490010B608 /* AlbumsOverviewViewController.swift */,
				65E12781259231040010B608 /* AddAlbumViewController.swift */,
				65E1278F2592535F0010B608 /* AlbumDetailViewController.swift */,
				65E12791259259250010B608 /* AddNoteViewController.swift */,
				65E1277D25922D5C0010B608 /* AlbumsProvider.swift */,
				65E127662592284B0010B608 /* Assets.xcassets */,
				65E127682592284B0010B608 /* LaunchScreen.storyboard */,
				65E1276B2592284B0010B608 /* Info.plist */,
				65E1277B25922C060010B608 /* LayoutHelpers.swift */,
				65E1277F25922DD80010B608 /* ViewControllerHelpers.swift */,
			);
			path = Chapter10_UIKit;
			sourceTree = "<group>";
		};
		65E1277625922B800010B608 /* Frameworks */ = {
			isa = PBXGroup;
			children = (
				65E1277725922B800010B608 /* StorageProvider.framework */,
			);
			name = Frameworks;
			sourceTree = "<group>";
		};
		97738E3E2593475E008285C2 /* Cells */ = {
			isa = PBXGroup;
			children = (
				97738E3F25934769008285C2 /* AlbumCell.swift */,
			);
			path = Cells;
			sourceTree = "<group>";
		};
/* End PBXGroup section */

/* Begin PBXNativeTarget section */
		65E12759259228490010B608 /* Chapter10_UIKit */ = {
			isa = PBXNativeTarget;
			buildConfigurationList = 65E1276E2592284B0010B608 /* Build configuration list for PBXNativeTarget "Chapter10_UIKit" */;
			buildPhases = (
				65E12756259228490010B608 /* Sources */,
				65E12757259228490010B608 /* Frameworks */,
				65E12758259228490010B608 /* Resources */,
				65E1277A25922B800010B608 /* Embed Frameworks */,
			);
			buildRules = (
			);
			dependencies = (
			);
			name = Chapter10_UIKit;
			productName = Chapter9_UIKit;
			productReference = 65E1275A259228490010B608 /* Chapter10_UIKit.app */;
			productType = "com.apple.product-type.application";
		};
/* End PBXNativeTarget section */

/* Begin PBXProject section */
		65E12752259228490010B608 /* Project object */ = {
			isa = PBXProject;
			attributes = {
				LastSwiftUpdateCheck = 1200;
				LastUpgradeCheck = 1200;
				TargetAttributes = {
					65E12759259228490010B608 = {
						CreatedOnToolsVersion = 12.0;
					};
				};
			};
			buildConfigurationList = 65E12755259228490010B608 /* Build configuration list for PBXProject "Chapter10_UIKit" */;
			compatibilityVersion = "Xcode 9.3";
			developmentRegion = en;
			hasScannedForEncodings = 0;
			knownRegions = (
				en,
				Base,
			);
			mainGroup = 65E12751259228490010B608;
			productRefGroup = 65E1275B259228490010B608 /* Products */;
			projectDirPath = "";
			projectRoot = "";
			targets = (
				65E12759259228490010B608 /* Chapter10_UIKit */,
			);
		};
/* End PBXProject section */

/* Begin PBXResourcesBuildPhase section */
		65E12758259228490010B608 /* Resources */ = {
			isa = PBXResourcesBuildPhase;
			buildActionMask = 2147483647;
			files = (
				65E1276A2592284B0010B608 /* LaunchScreen.storyboard in Resources */,
				65E127672592284B0010B608 /* Assets.xcassets in Resources */,
			);
			runOnlyForDeploymentPostprocessing = 0;
		};
/* End PBXResourcesBuildPhase section */

/* Begin PBXSourcesBuildPhase section */
		65E12756259228490010B608 /* Sources */ = {
			isa = PBXSourcesBuildPhase;
			buildActionMask = 2147483647;
			files = (
				65E12782259231040010B608 /* AddAlbumViewController.swift in Sources */,
				65E12762259228490010B608 /* AlbumsOverviewViewController.swift in Sources */,
				65E12792259259250010B608 /* AddNoteViewController.swift in Sources */,
				65E1275E259228490010B608 /* AppDelegate.swift in Sources */,
				65E12760259228490010B608 /* SceneDelegate.swift in Sources */,
				65E1277E25922D5C0010B608 /* AlbumsProvider.swift in Sources */,
				65E127902592535F0010B608 /* AlbumDetailViewController.swift in Sources */,
				97738E4025934769008285C2 /* AlbumCell.swift in Sources */,
				65E1278025922DD80010B608 /* ViewControllerHelpers.swift in Sources */,
				65E1277C25922C060010B608 /* LayoutHelpers.swift in Sources */,
			);
			runOnlyForDeploymentPostprocessing = 0;
		};
/* End PBXSourcesBuildPhase section */

/* Begin PBXVariantGroup section */
		65E127682592284B0010B608 /* LaunchScreen.storyboard */ = {
			isa = PBXVariantGroup;
			children = (
				65E127692592284B0010B608 /* Base */,
			);
			name = LaunchScreen.storyboard;
			sourceTree = "<group>";
		};
/* End PBXVariantGroup section */

/* Begin XCBuildConfiguration section */
		65E1276C2592284B0010B608 /* Debug */ = {
			isa = XCBuildConfiguration;
			buildSettings = {
				ALWAYS_SEARCH_USER_PATHS = NO;
				CLANG_ANALYZER_NONNULL = YES;
				CLANG_ANALYZER_NUMBER_OBJECT_CONVERSION = YES_AGGRESSIVE;
				CLANG_CXX_LANGUAGE_STANDARD = "gnu++14";
				CLANG_CXX_LIBRARY = "libc++";
				CLANG_ENABLE_MODULES = YES;
				CLANG_ENABLE_OBJC_ARC = YES;
				CLANG_ENABLE_OBJC_WEAK = YES;
				CLANG_WARN_BLOCK_CAPTURE_AUTORELEASING = YES;
				CLANG_WARN_BOOL_CONVERSION = YES;
				CLANG_WARN_COMMA = YES;
				CLANG_WARN_CONSTANT_CONVERSION = YES;
				CLANG_WARN_DEPRECATED_OBJC_IMPLEMENTATIONS = YES;
				CLANG_WARN_DIRECT_OBJC_ISA_USAGE = YES_ERROR;
				CLANG_WARN_DOCUMENTATION_COMMENTS = YES;
				CLANG_WARN_EMPTY_BODY = YES;
				CLANG_WARN_ENUM_CONVERSION = YES;
				CLANG_WARN_INFINITE_RECURSION = YES;
				CLANG_WARN_INT_CONVERSION = YES;
				CLANG_WARN_NON_LITERAL_NULL_CONVERSION = YES;
				CLANG_WARN_OBJC_IMPLICIT_RETAIN_SELF = YES;
				CLANG_WARN_OBJC_LITERAL_CONVERSION = YES;
				CLANG_WARN_OBJC_ROOT_CLASS = YES_ERROR;
				CLANG_WARN_QUOTED_INCLUDE_IN_FRAMEWORK_HEADER = YES;
				CLANG_WARN_RANGE_LOOP_ANALYSIS = YES;
				CLANG_WARN_STRICT_PROTOTYPES = YES;
				CLANG_WARN_SUSPICIOUS_MOVE = YES;
				CLANG_WARN_UNGUARDED_AVAILABILITY = YES_AGGRESSIVE;
				CLANG_WARN_UNREACHABLE_CODE = YES;
				CLANG_WARN__DUPLICATE_METHOD_MATCH = YES;
				COPY_PHASE_STRIP = NO;
				DEBUG_INFORMATION_FORMAT = dwarf;
				ENABLE_STRICT_OBJC_MSGSEND = YES;
				ENABLE_TESTABILITY = YES;
				GCC_C_LANGUAGE_STANDARD = gnu11;
				GCC_DYNAMIC_NO_PIC = NO;
				GCC_NO_COMMON_BLOCKS = YES;
				GCC_OPTIMIZATION_LEVEL = 0;
				GCC_PREPROCESSOR_DEFINITIONS = (
					"DEBUG=1",
					"$(inherited)",
				);
				GCC_WARN_64_TO_32_BIT_CONVERSION = YES;
				GCC_WARN_ABOUT_RETURN_TYPE = YES_ERROR;
				GCC_WARN_UNDECLARED_SELECTOR = YES;
				GCC_WARN_UNINITIALIZED_AUTOS = YES_AGGRESSIVE;
				GCC_WARN_UNUSED_FUNCTION = YES;
				GCC_WARN_UNUSED_VARIABLE = YES;
				IPHONEOS_DEPLOYMENT_TARGET = 14.0;
				MTL_ENABLE_DEBUG_INFO = INCLUDE_SOURCE;
				MTL_FAST_MATH = YES;
				ONLY_ACTIVE_ARCH = YES;
				SDKROOT = iphoneos;
				SWIFT_ACTIVE_COMPILATION_CONDITIONS = DEBUG;
				SWIFT_OPTIMIZATION_LEVEL = "-Onone";
			};
			name = Debug;
		};
		65E1276D2592284B0010B608 /* Release */ = {
			isa = XCBuildConfiguration;
			buildSettings = {
				ALWAYS_SEARCH_USER_PATHS = NO;
				CLANG_ANALYZER_NONNULL = YES;
				CLANG_ANALYZER_NUMBER_OBJECT_CONVERSION = YES_AGGRESSIVE;
				CLANG_CXX_LANGUAGE_STANDARD = "gnu++14";
				CLANG_CXX_LIBRARY = "libc++";
				CLANG_ENABLE_MODULES = YES;
				CLANG_ENABLE_OBJC_ARC = YES;
				CLANG_ENABLE_OBJC_WEAK = YES;
				CLANG_WARN_BLOCK_CAPTURE_AUTORELEASING = YES;
				CLANG_WARN_BOOL_CONVERSION = YES;
				CLANG_WARN_COMMA = YES;
				CLANG_WARN_CONSTANT_CONVERSION = YES;
				CLANG_WARN_DEPRECATED_OBJC_IMPLEMENTATIONS = YES;
				CLANG_WARN_DIRECT_OBJC_ISA_USAGE = YES_ERROR;
				CLANG_WARN_DOCUMENTATION_COMMENTS = YES;
				CLANG_WARN_EMPTY_BODY = YES;
				CLANG_WARN_ENUM_CONVERSION = YES;
				CLANG_WARN_INFINITE_RECURSION = YES;
				CLANG_WARN_INT_CONVERSION = YES;
				CLANG_WARN_NON_LITERAL_NULL_CONVERSION = YES;
				CLANG_WARN_OBJC_IMPLICIT_RETAIN_SELF = YES;
				CLANG_WARN_OBJC_LITERAL_CONVERSION = YES;
				CLANG_WARN_OBJC_ROOT_CLASS = YES_ERROR;
				CLANG_WARN_QUOTED_INCLUDE_IN_FRAMEWORK_HEADER = YES;
				CLANG_WARN_RANGE_LOOP_ANALYSIS = YES;
				CLANG_WARN_STRICT_PROTOTYPES = YES;
				CLANG_WARN_SUSPICIOUS_MOVE = YES;
				CLANG_WARN_UNGUARDED_AVAILABILITY = YES_AGGRESSIVE;
				CLANG_WARN_UNREACHABLE_CODE = YES;
				CLANG_WARN__DUPLICATE_METHOD_MATCH = YES;
				COPY_PHASE_STRIP = NO;
				DEBUG_INFORMATION_FORMAT = "dwarf-with-dsym";
				ENABLE_NS_ASSERTIONS = NO;
				ENABLE_STRICT_OBJC_MSGSEND = YES;
				GCC_C_LANGUAGE_STANDARD = gnu11;
				GCC_NO_COMMON_BLOCKS = YES;
				GCC_WARN_64_TO_32_BIT_CONVERSION = YES;
				GCC_WARN_ABOUT_RETURN_TYPE = YES_ERROR;
				GCC_WARN_UNDECLARED_SELECTOR = YES;
				GCC_WARN_UNINITIALIZED_AUTOS = YES_AGGRESSIVE;
				GCC_WARN_UNUSED_FUNCTION = YES;
				GCC_WARN_UNUSED_VARIABLE = YES;
				IPHONEOS_DEPLOYMENT_TARGET = 14.0;
				MTL_ENABLE_DEBUG_INFO = NO;
				MTL_FAST_MATH = YES;
				SDKROOT = iphoneos;
				SWIFT_COMPILATION_MODE = wholemodule;
				SWIFT_OPTIMIZATION_LEVEL = "-O";
				VALIDATE_PRODUCT = YES;
			};
			name = Release;
		};
		65E1276F2592284B0010B608 /* Debug */ = {
			isa = XCBuildConfiguration;
			buildSettings = {
				ASSETCATALOG_COMPILER_APPICON_NAME = AppIcon;
				ASSETCATALOG_COMPILER_GLOBAL_ACCENT_COLOR_NAME = AccentColor;
				CODE_SIGN_STYLE = Automatic;
				DEVELOPMENT_TEAM = 4JMM8JMG3H;
				INFOPLIST_FILE = "$(SRCROOT)/Chapter10_UIKit/Info.plist";
				LD_RUNPATH_SEARCH_PATHS = (
					"$(inherited)",
					"@executable_path/Frameworks",
				);
				PRODUCT_BUNDLE_IDENTIFIER = "com.practicalcoredata.Chapter10-UIKit";
				PRODUCT_NAME = "$(TARGET_NAME)";
				SWIFT_VERSION = 5.0;
				TARGETED_DEVICE_FAMILY = "1,2";
			};
			name = Debug;
		};
		65E127702592284B0010B608 /* Release */ = {
			isa = XCBuildConfiguration;
			buildSettings = {
				ASSETCATALOG_COMPILER_APPICON_NAME = AppIcon;
				ASSETCATALOG_COMPILER_GLOBAL_ACCENT_COLOR_NAME = AccentColor;
				CODE_SIGN_STYLE = Automatic;
				DEVELOPMENT_TEAM = 4JMM8JMG3H;
				INFOPLIST_FILE = "$(SRCROOT)/Chapter10_UIKit/Info.plist";
				LD_RUNPATH_SEARCH_PATHS = (
					"$(inherited)",
					"@executable_path/Frameworks",
				);
				PRODUCT_BUNDLE_IDENTIFIER = "com.practicalcoredata.Chapter10-UIKit";
				PRODUCT_NAME = "$(TARGET_NAME)";
				SWIFT_VERSION = 5.0;
				TARGETED_DEVICE_FAMILY = "1,2";
			};
			name = Release;
		};
/* End XCBuildConfiguration section */

/* Begin XCConfigurationList section */
		65E12755259228490010B608 /* Build configuration list for PBXProject "Chapter10_UIKit" */ = {
			isa = XCConfigurationList;
			buildConfigurations = (
				65E1276C2592284B0010B608 /* Debug */,
				65E1276D2592284B0010B608 /* Release */,
			);
			defaultConfigurationIsVisible = 0;
			defaultConfigurationName = Release;
		};
		65E1276E2592284B0010B608 /* Build configuration list for PBXNativeTarget "Chapter10_UIKit" */ = {
			isa = XCConfigurationList;
			buildConfigurations = (
				65E1276F2592284B0010B608 /* Debug */,
				65E127702592284B0010B608 /* Release */,
			);
			defaultConfigurationIsVisible = 0;
			defaultConfigurationName = Release;
		};
/* End XCConfigurationList section */
	};
	rootObject = 65E12752259228490010B608 /* Project object */;
}
