// !$*UTF8*$!
{
	archiveVersion = 1;
	classes = {
	};
	objectVersion = 50;
	objects = {

/* Begin PBXBuildFile section */
		658DCFB52582C69C00A162BA /* Chapter5_SwiftUIApp.swift in Sources */ = {isa = PBXBuildFile; fileRef = 658DCFB42582C69C00A162BA /* Chapter5_SwiftUIApp.swift */; };
		658DCFB72582C69C00A162BA /* ContentView.swift in Sources */ = {isa = PBXBuildFile; fileRef = 658DCFB62582C69C00A162BA /* ContentView.swift */; };
		658DCFB92582C69D00A162BA /* Assets.xcassets in Resources */ = {isa = PBXBuildFile; fileRef = 658DCFB82582C69D00A162BA /* Assets.xcassets */; };
		658DCFBC2582C69D00A162BA /* Preview Assets.xcassets in Resources */ = {isa = PBXBuildFile; fileRef = 658DCFBB2582C69D00A162BA /* Preview Assets.xcassets */; };
		658DCFC62582CA6400A162BA /* StorageProvider.framework in Frameworks */ = {isa = PBXBuildFile; fileRef = 658DCFC52582CA6300A162BA /* StorageProvider.framework */; };
		658DCFC72582CA6400A162BA /* StorageProvider.framework in Embed Frameworks */ = {isa = PBXBuildFile; fileRef = 658DCFC52582CA6300A162BA /* StorageProvider.framework */; settings = {ATTRIBUTES = (CodeSignOnCopy, RemoveHeadersOnCopy, ); }; };
/* End PBXBuildFile section */

/* Begin PBXCopyFilesBuildPhase section */
		658DCFC82582CA6400A162BA /* Embed Frameworks */ = {
			isa = PBXCopyFilesBuildPhase;
			buildActionMask = 2147483647;
			dstPath = "";
			dstSubfolderSpec = 10;
			files = (
				658DCFC72582CA6400A162BA /* StorageProvider.framework in Embed Frameworks */,
			);
			name = "Embed Frameworks";
			runOnlyForDeploymentPostprocessing = 0;
		};
/* End PBXCopyFilesBuildPhase section */

/* Begin PBXFileReference section */
		658DCFB12582C69C00A162BA /* Chapter5_SwiftUI.app */ = {isa = PBXFileReference; explicitFileType = wrapper.application; includeInIndex = 0; path = Chapter5_SwiftUI.app; sourceTree = BUILT_PRODUCTS_DIR; };
		658DCFB42582C69C00A162BA /* Chapter5_SwiftUIApp.swift */ = {isa = PBXFileReference; lastKnownFileType = sourcecode.swift; path = Chapter5_SwiftUIApp.swift; sourceTree = "<group>"; };
		658DCFB62582C69C00A162BA /* ContentView.swift */ = {isa = PBXFileReference; lastKnownFileType = sourcecode.swift; path = ContentView.swift; sourceTree = "<group>"; };
		658DCFB82582C69D00A162BA /* Assets.xcassets */ = {isa = PBXFileReference; lastKnownFileType = folder.assetcatalog; path = Assets.xcassets; sourceTree = "<group>"; };
		658DCFBB2582C69D00A162BA /* Preview Assets.xcassets */ = {isa = PBXFileReference; lastKnownFileType = folder.assetcatalog; path = "Preview Assets.xcassets"; sourceTree = "<group>"; };
		658DCFBD2582C69D00A162BA /* Info.plist */ = {isa = PBXFileReference; lastKnownFileType = text.plist.xml; path = Info.plist; sourceTree = "<group>"; };
		658DCFC52582CA6300A162BA /* StorageProvider.framework */ = {isa = PBXFileReference; explicitFileType = wrapper.framework; path = StorageProvider.framework; sourceTree = BUILT_PRODUCTS_DIR; };
/* End PBXFileReference section */

/* Begin PBXFrameworksBuildPhase section */
		658DCFAE2582C69C00A162BA /* Frameworks */ = {
			isa = PBXFrameworksBuildPhase;
			buildActionMask = 2147483647;
			files = (
				658DCFC62582CA6400A162BA /* StorageProvider.framework in Frameworks */,
			);
			runOnlyForDeploymentPostprocessing = 0;
		};
/* End PBXFrameworksBuildPhase section */

/* Begin PBXGroup section */
		658DCFA82582C69C00A162BA = {
			isa = PBXGroup;
			children = (
				658DCFB32582C69C00A162BA /* Chapter5_SwiftUI */,
				658DCFB22582C69C00A162BA /* Products */,
				658DCFC42582CA6300A162BA /* Frameworks */,
			);
			sourceTree = "<group>";
		};
		658DCFB22582C69C00A162BA /* Products */ = {
			isa = PBXGroup;
			children = (
				658DCFB12582C69C00A162BA /* Chapter5_SwiftUI.app */,
			);
			name = Products;
			sourceTree = "<group>";
		};
		658DCFB32582C69C00A162BA /* Chapter5_SwiftUI */ = {
			isa = PBXGroup;
			children = (
				658DCFB42582C69C00A162BA /* Chapter5_SwiftUIApp.swift */,
				658DCFB62582C69C00A162BA /* ContentView.swift */,
				658DCFB82582C69D00A162BA /* Assets.xcassets */,
				658DCFBD2582C69D00A162BA /* Info.plist */,
				658DCFBA2582C69D00A162BA /* Preview Content */,
			);
			path = Chapter5_SwiftUI;
			sourceTree = "<group>";
		};
		658DCFBA2582C69D00A162BA /* Preview Content */ = {
			isa = PBXGroup;
			children = (
				658DCFBB2582C69D00A162BA /* Preview Assets.xcassets */,
			);
			path = "Preview Content";
			sourceTree = "<group>";
		};
		658DCFC42582CA6300A162BA /* Frameworks */ = {
			isa = PBXGroup;
			children = (
				658DCFC52582CA6300A162BA /* StorageProvider.framework */,
			);
			name = Frameworks;
			sourceTree = "<group>";
		};
/* End PBXGroup section */

/* Begin PBXNativeTarget section */
		658DCFB02582C69C00A162BA /* Chapter5_SwiftUI */ = {
			isa = PBXNativeTarget;
			buildConfigurationList = 658DCFC02582C69D00A162BA /* Build configuration list for PBXNativeTarget "Chapter5_SwiftUI" */;
			buildPhases = (
				658DCFAD2582C69C00A162BA /* Sources */,
				658DCFAE2582C69C00A162BA /* Frameworks */,
				658DCFAF2582C69C00A162BA /* Resources */,
				658DCFC82582CA6400A162BA /* Embed Frameworks */,
			);
			buildRules = (
			);
			dependencies = (
			);
			name = Chapter5_SwiftUI;
			productName = Chapter5_SwiftUI;
			productReference = 658DCFB12582C69C00A162BA /* Chapter5_SwiftUI.app */;
			productType = "com.apple.product-type.application";
		};
/* End PBXNativeTarget section */

/* Begin PBXProject section */
		658DCFA92582C69C00A162BA /* Project object */ = {
			isa = PBXProject;
			attributes = {
				LastSwiftUpdateCheck = 1200;
				LastUpgradeCheck = 1200;
				TargetAttributes = {
					658DCFB02582C69C00A162BA = {
						CreatedOnToolsVersion = 12.0;
					};
				};
			};
			buildConfigurationList = 658DCFAC2582C69C00A162BA /* Build configuration list for PBXProject "Chapter5_SwiftUI" */;
			compatibilityVersion = "Xcode 9.3";
			developmentRegion = en;
			hasScannedForEncodings = 0;
			knownRegions = (
				en,
				Base,
			);
			mainGroup = 658DCFA82582C69C00A162BA;
			productRefGroup = 658DCFB22582C69C00A162BA /* Products */;
			projectDirPath = "";
			projectRoot = "";
			targets = (
				658DCFB02582C69C00A162BA /* Chapter5_SwiftUI */,
			);
		};
/* End PBXProject section */

/* Begin PBXResourcesBuildPhase section */
		658DCFAF2582C69C00A162BA /* Resources */ = {
			isa = PBXResourcesBuildPhase;
			buildActionMask = 2147483647;
			files = (
				658DCFBC2582C69D00A162BA /* Preview Assets.xcassets in Resources */,
				658DCFB92582C69D00A162BA /* Assets.xcassets in Resources */,
			);
			runOnlyForDeploymentPostprocessing = 0;
		};
/* End PBXResourcesBuildPhase section */

/* Begin PBXSourcesBuildPhase section */
		658DCFAD2582C69C00A162BA /* Sources */ = {
			isa = PBXSourcesBuildPhase;
			buildActionMask = 2147483647;
			files = (
				658DCFB72582C69C00A162BA /* ContentView.swift in Sources */,
				658DCFB52582C69C00A162BA /* Chapter5_SwiftUIApp.swift in Sources */,
			);
			runOnlyForDeploymentPostprocessing = 0;
		};
/* End PBXSourcesBuildPhase section */

/* Begin XCBuildConfiguration section */
		658DCFBE2582C69D00A162BA /* Debug */ = {
			isa = XCBuildConfiguration;
			buildSettings = {
				ALWAYS_SEARCH_USER_PATHS = NO;
				CLANG_ANALYZER_NONNULL = YES;
				CLANG_ANALYZER_NUMBER_OBJECT_CONVERSION = YES_AGGRESSIVE;
				CLANG_CXX_LANGUAGE_STANDARD = "gnu++14";
				CLANG_CXX_LIBRARY = "libc++";
				CLANG_ENABLE_MODULES = YES;
				CLANG_ENABLE_OBJC_ARC = YES;
				CLANG_ENABLE_OBJC_WEAK = YES;
				CLANG_WARN_BLOCK_CAPTURE_AUTORELEASING = YES;
				CLANG_WARN_BOOL_CONVERSION = YES;
				CLANG_WARN_COMMA = YES;
				CLANG_WARN_CONSTANT_CONVERSION = YES;
				CLANG_WARN_DEPRECATED_OBJC_IMPLEMENTATIONS = YES;
				CLANG_WARN_DIRECT_OBJC_ISA_USAGE = YES_ERROR;
				CLANG_WARN_DOCUMENTATION_COMMENTS = YES;
				CLANG_WARN_EMPTY_BODY = YES;
				CLANG_WARN_ENUM_CONVERSION = YES;
				CLANG_WARN_INFINITE_RECURSION = YES;
				CLANG_WARN_INT_CONVERSION = YES;
				CLANG_WARN_NON_LITERAL_NULL_CONVERSION = YES;
				CLANG_WARN_OBJC_IMPLICIT_RETAIN_SELF = YES;
				CLANG_WARN_OBJC_LITERAL_CONVERSION = YES;
				CLANG_WARN_OBJC_ROOT_CLASS = YES_ERROR;
				CLANG_WARN_QUOTED_INCLUDE_IN_FRAMEWORK_HEADER = YES;
				CLANG_WARN_RANGE_LOOP_ANALYSIS = YES;
				CLANG_WARN_STRICT_PROTOTYPES = YES;
				CLANG_WARN_SUSPICIOUS_MOVE = YES;
				CLANG_WARN_UNGUARDED_AVAILABILITY = YES_AGGRESSIVE;
				CLANG_WARN_UNREACHABLE_CODE = YES;
				CLANG_WARN__DUPLICATE_METHOD_MATCH = YES;
				COPY_PHASE_STRIP = NO;
				DEBUG_INFORMATION_FORMAT = dwarf;
				ENABLE_STRICT_OBJC_MSGSEND = YES;
				ENABLE_TESTABILITY = YES;
				GCC_C_LANGUAGE_STANDARD = gnu11;
				GCC_DYNAMIC_NO_PIC = NO;
				GCC_NO_COMMON_BLOCKS = YES;
				GCC_OPTIMIZATION_LEVEL = 0;
				GCC_PREPROCESSOR_DEFINITIONS = (
					"DEBUG=1",
					"$(inherited)",
				);
				GCC_WARN_64_TO_32_BIT_CONVERSION = YES;
				GCC_WARN_ABOUT_RETURN_TYPE = YES_ERROR;
				GCC_WARN_UNDECLARED_SELECTOR = YES;
				GCC_WARN_UNINITIALIZED_AUTOS = YES_AGGRESSIVE;
				GCC_WARN_UNUSED_FUNCTION = YES;
				GCC_WARN_UNUSED_VARIABLE = YES;
				IPHONEOS_DEPLOYMENT_TARGET = 14.0;
				MTL_ENABLE_DEBUG_INFO = INCLUDE_SOURCE;
				MTL_FAST_MATH = YES;
				ONLY_ACTIVE_ARCH = YES;
				SDKROOT = iphoneos;
				SWIFT_ACTIVE_COMPILATION_CONDITIONS = DEBUG;
				SWIFT_OPTIMIZATION_LEVEL = "-Onone";
			};
			name = Debug;
		};
		658DCFBF2582C69D00A162BA /* Release */ = {
			isa = XCBuildConfiguration;
			buildSettings = {
				ALWAYS_SEARCH_USER_PATHS = NO;
				CLANG_ANALYZER_NONNULL = YES;
				CLANG_ANALYZER_NUMBER_OBJECT_CONVERSION = YES_AGGRESSIVE;
				CLANG_CXX_LANGUAGE_STANDARD = "gnu++14";
				CLANG_CXX_LIBRARY = "libc++";
				CLANG_ENABLE_MODULES = YES;
				CLANG_ENABLE_OBJC_ARC = YES;
				CLANG_ENABLE_OBJC_WEAK = YES;
				CLANG_WARN_BLOCK_CAPTURE_AUTORELEASING = YES;
				CLANG_WARN_BOOL_CONVERSION = YES;
				CLANG_WARN_COMMA = YES;
				CLANG_WARN_CONSTANT_CONVERSION = YES;
				CLANG_WARN_DEPRECATED_OBJC_IMPLEMENTATIONS = YES;
				CLANG_WARN_DIRECT_OBJC_ISA_USAGE = YES_ERROR;
				CLANG_WARN_DOCUMENTATION_COMMENTS = YES;
				CLANG_WARN_EMPTY_BODY = YES;
				CLANG_WARN_ENUM_CONVERSION = YES;
				CLANG_WARN_INFINITE_RECURSION = YES;
				CLANG_WARN_INT_CONVERSION = YES;
				CLANG_WARN_NON_LITERAL_NULL_CONVERSION = YES;
				CLANG_WARN_OBJC_IMPLICIT_RETAIN_SELF = YES;
				CLANG_WARN_OBJC_LITERAL_CONVERSION = YES;
				CLANG_WARN_OBJC_ROOT_CLASS = YES_ERROR;
				CLANG_WARN_QUOTED_INCLUDE_IN_FRAMEWORK_HEADER = YES;
				CLANG_WARN_RANGE_LOOP_ANALYSIS = YES;
				CLANG_WARN_STRICT_PROTOTYPES = YES;
				CLANG_WARN_SUSPICIOUS_MOVE = YES;
				CLANG_WARN_UNGUARDED_AVAILABILITY = YES_AGGRESSIVE;
				CLANG_WARN_UNREACHABLE_CODE = YES;
				CLANG_WARN__DUPLICATE_METHOD_MATCH = YES;
				COPY_PHASE_STRIP = NO;
				DEBUG_INFORMATION_FORMAT = "dwarf-with-dsym";
				ENABLE_NS_ASSERTIONS = NO;
				ENABLE_STRICT_OBJC_MSGSEND = YES;
				GCC_C_LANGUAGE_STANDARD = gnu11;
				GCC_NO_COMMON_BLOCKS = YES;
				GCC_WARN_64_TO_32_BIT_CONVERSION = YES;
				GCC_WARN_ABOUT_RETURN_TYPE = YES_ERROR;
				GCC_WARN_UNDECLARED_SELECTOR = YES;
				GCC_WARN_UNINITIALIZED_AUTOS = YES_AGGRESSIVE;
				GCC_WARN_UNUSED_FUNCTION = YES;
				GCC_WARN_UNUSED_VARIABLE = YES;
				IPHONEOS_DEPLOYMENT_TARGET = 14.0;
				MTL_ENABLE_DEBUG_INFO = NO;
				MTL_FAST_MATH = YES;
				SDKROOT = iphoneos;
				SWIFT_COMPILATION_MODE = wholemodule;
				SWIFT_OPTIMIZATION_LEVEL = "-O";
				VALIDATE_PRODUCT = YES;
			};
			name = Release;
		};
		658DCFC12582C69D00A162BA /* Debug */ = {
			isa = XCBuildConfiguration;
			buildSettings = {
				ASSETCATALOG_COMPILER_APPICON_NAME = AppIcon;
				ASSETCATALOG_COMPILER_GLOBAL_ACCENT_COLOR_NAME = AccentColor;
				CODE_SIGN_STYLE = Automatic;
				DEVELOPMENT_ASSET_PATHS = "\"Chapter5_SwiftUI/Preview Content\"";
				DEVELOPMENT_TEAM = 4JMM8JMG3H;
				ENABLE_PREVIEWS = YES;
				INFOPLIST_FILE = Chapter5_SwiftUI/Info.plist;
				IPHONEOS_DEPLOYMENT_TARGET = 14.0;
				LD_RUNPATH_SEARCH_PATHS = (
					"$(inherited)",
					"@executable_path/Frameworks",
				);
				PRODUCT_BUNDLE_IDENTIFIER = "com.practicalcoredata.Chapter5-SwiftUI";
				PRODUCT_NAME = "$(TARGET_NAME)";
				SWIFT_VERSION = 5.0;
				TARGETED_DEVICE_FAMILY = "1,2";
			};
			name = Debug;
		};
		658DCFC22582C69D00A162BA /* Release */ = {
			isa = XCBuildConfiguration;
			buildSettings = {
				ASSETCATALOG_COMPILER_APPICON_NAME = AppIcon;
				ASSETCATALOG_COMPILER_GLOBAL_ACCENT_COLOR_NAME = AccentColor;
				CODE_SIGN_STYLE = Automatic;
				DEVELOPMENT_ASSET_PATHS = "\"Chapter5_SwiftUI/Preview Content\"";
				DEVELOPMENT_TEAM = 4JMM8JMG3H;
				ENABLE_PREVIEWS = YES;
				INFOPLIST_FILE = Chapter5_SwiftUI/Info.plist;
				IPHONEOS_DEPLOYMENT_TARGET = 14.0;
				LD_RUNPATH_SEARCH_PATHS = (
					"$(inherited)",
					"@executable_path/Frameworks",
				);
				PRODUCT_BUNDLE_IDENTIFIER = "com.practicalcoredata.Chapter5-SwiftUI";
				PRODUCT_NAME = "$(TARGET_NAME)";
				SWIFT_VERSION = 5.0;
				TARGETED_DEVICE_FAMILY = "1,2";
			};
			name = Release;
		};
/* End XCBuildConfiguration section */

/* Begin XCConfigurationList section */
		658DCFAC2582C69C00A162BA /* Build configuration list for PBXProject "Chapter5_SwiftUI" */ = {
			isa = XCConfigurationList;
			buildConfigurations = (
				658DCFBE2582C69D00A162BA /* Debug */,
				658DCFBF2582C69D00A162BA /* Release */,
			);
			defaultConfigurationIsVisible = 0;
			defaultConfigurationName = Release;
		};
		658DCFC02582C69D00A162BA /* Build configuration list for PBXNativeTarget "Chapter5_SwiftUI" */ = {
			isa = XCConfigurationList;
			buildConfigurations = (
				658DCFC12582C69D00A162BA /* Debug */,
				658DCFC22582C69D00A162BA /* Release */,
			);
			defaultConfigurationIsVisible = 0;
			defaultConfigurationName = Release;
		};
/* End XCConfigurationList section */
	};
	rootObject = 658DCFA92582C69C00A162BA /* Project object */;
}
