// !$*UTF8*$!
{
	archiveVersion = 1;
	classes = {
	};
	objectVersion = 50;
	objects = {

/* Begin PBXBuildFile section */
		65AB279E256E8A9000E0E513 /* AppDelegate.swift in Sources */ = {isa = PBXBuildFile; fileRef = 65AB279D256E8A9000E0E513 /* AppDelegate.swift */; };
		65AB27A0256E8A9000E0E513 /* SceneDelegate.swift in Sources */ = {isa = PBXBuildFile; fileRef = 65AB279F256E8A9000E0E513 /* SceneDelegate.swift */; };
		65AB27A2256E8A9000E0E513 /* ViewController.swift in Sources */ = {isa = PBXBuildFile; fileRef = 65AB27A1256E8A9000E0E513 /* ViewController.swift */; };
		65AB27A7256E8A9200E0E513 /* Assets.xcassets in Resources */ = {isa = PBXBuildFile; fileRef = 65AB27A6256E8A9200E0E513 /* Assets.xcassets */; };
		65AB27AA256E8A9200E0E513 /* LaunchScreen.storyboard in Resources */ = {isa = PBXBuildFile; fileRef = 65AB27A8256E8A9200E0E513 /* LaunchScreen.storyboard */; };
		97E97B10259B8D4400321A5B /* StorageProvider.framework in Frameworks */ = {isa = PBXBuildFile; fileRef = 97E97B0F259B8D4400321A5B /* StorageProvider.framework */; };
		97E97B11259B8D4400321A5B /* StorageProvider.framework in Embed Frameworks */ = {isa = PBXBuildFile; fileRef = 97E97B0F259B8D4400321A5B /* StorageProvider.framework */; settings = {ATTRIBUTES = (CodeSignOnCopy, RemoveHeadersOnCopy, ); }; };
/* End PBXBuildFile section */

/* Begin PBXCopyFilesBuildPhase section */
		97E97B12259B8D4400321A5B /* Embed Frameworks */ = {
			isa = PBXCopyFilesBuildPhase;
			buildActionMask = 2147483647;
			dstPath = "";
			dstSubfolderSpec = 10;
			files = (
				97E97B11259B8D4400321A5B /* StorageProvider.framework in Embed Frameworks */,
			);
			name = "Embed Frameworks";
			runOnlyForDeploymentPostprocessing = 0;
		};
/* End PBXCopyFilesBuildPhase section */

/* Begin PBXFileReference section */
		65AB279A256E8A9000E0E513 /* Chapter6_UIKit.app */ = {isa = PBXFileReference; explicitFileType = wrapper.application; includeInIndex = 0; path = Chapter6_UIKit.app; sourceTree = BUILT_PRODUCTS_DIR; };
		65AB279D256E8A9000E0E513 /* AppDelegate.swift */ = {isa = PBXFileReference; lastKnownFileType = sourcecode.swift; path = AppDelegate.swift; sourceTree = "<group>"; };
		65AB279F256E8A9000E0E513 /* SceneDelegate.swift */ = {isa = PBXFileReference; lastKnownFileType = sourcecode.swift; path = SceneDelegate.swift; sourceTree = "<group>"; };
		65AB27A1256E8A9000E0E513 /* ViewController.swift */ = {isa = PBXFileReference; lastKnownFileType = sourcecode.swift; path = ViewController.swift; sourceTree = "<group>"; };
		65AB27A6256E8A9200E0E513 /* Assets.xcassets */ = {isa = PBXFileReference; lastKnownFileType = folder.assetcatalog; path = Assets.xcassets; sourceTree = "<group>"; };
		65AB27A9256E8A9200E0E513 /* Base */ = {isa = PBXFileReference; lastKnownFileType = file.storyboard; name = Base; path = Base.lproj/LaunchScreen.storyboard; sourceTree = "<group>"; };
		65AB27AB256E8A9200E0E513 /* Info.plist */ = {isa = PBXFileReference; lastKnownFileType = text.plist.xml; path = Info.plist; sourceTree = "<group>"; };
		65AB27BA256E920000E0E513 /* CoreDataProvider.framework */ = {isa = PBXFileReference; explicitFileType = wrapper.framework; path = CoreDataProvider.framework; sourceTree = BUILT_PRODUCTS_DIR; };
		65AB27BF256E933B00E0E513 /* Chapter6_UIKit.entitlements */ = {isa = PBXFileReference; lastKnownFileType = text.plist.entitlements; path = Chapter6_UIKit.entitlements; sourceTree = "<group>"; };
		97E97B0F259B8D4400321A5B /* StorageProvider.framework */ = {isa = PBXFileReference; explicitFileType = wrapper.framework; path = StorageProvider.framework; sourceTree = BUILT_PRODUCTS_DIR; };
/* End PBXFileReference section */

/* Begin PBXFrameworksBuildPhase section */
		65AB2797256E8A9000E0E513 /* Frameworks */ = {
			isa = PBXFrameworksBuildPhase;
			buildActionMask = 2147483647;
			files = (
				97E97B10259B8D4400321A5B /* StorageProvider.framework in Frameworks */,
			);
			runOnlyForDeploymentPostprocessing = 0;
		};
/* End PBXFrameworksBuildPhase section */

/* Begin PBXGroup section */
		65AB2791256E8A9000E0E513 = {
			isa = PBXGroup;
			children = (
				65AB279C256E8A9000E0E513 /* Chapter6_UIKit */,
				65AB279B256E8A9000E0E513 /* Products */,
				65AB27B9256E920000E0E513 /* Frameworks */,
			);
			sourceTree = "<group>";
		};
		65AB279B256E8A9000E0E513 /* Products */ = {
			isa = PBXGroup;
			children = (
				65AB279A256E8A9000E0E513 /* Chapter6_UIKit.app */,
			);
			name = Products;
			sourceTree = "<group>";
		};
		65AB279C256E8A9000E0E513 /* Chapter6_UIKit */ = {
			isa = PBXGroup;
			children = (
				65AB27BF256E933B00E0E513 /* Chapter6_UIKit.entitlements */,
				65AB279D256E8A9000E0E513 /* AppDelegate.swift */,
				65AB279F256E8A9000E0E513 /* SceneDelegate.swift */,
				65AB27A1256E8A9000E0E513 /* ViewController.swift */,
				65AB27A6256E8A9200E0E513 /* Assets.xcassets */,
				65AB27A8256E8A9200E0E513 /* LaunchScreen.storyboard */,
				65AB27AB256E8A9200E0E513 /* Info.plist */,
			);
			path = Chapter6_UIKit;
			sourceTree = "<group>";
		};
		65AB27B9256E920000E0E513 /* Frameworks */ = {
			isa = PBXGroup;
			children = (
				97E97B0F259B8D4400321A5B /* StorageProvider.framework */,
				65AB27BA256E920000E0E513 /* CoreDataProvider.framework */,
			);
			name = Frameworks;
			sourceTree = "<group>";
		};
/* End PBXGroup section */

/* Begin PBXNativeTarget section */
		65AB2799256E8A9000E0E513 /* Chapter6_UIKit */ = {
			isa = PBXNativeTarget;
			buildConfigurationList = 65AB27AE256E8A9200E0E513 /* Build configuration list for PBXNativeTarget "Chapter6_UIKit" */;
			buildPhases = (
				65AB2796256E8A9000E0E513 /* Sources */,
				65AB2797256E8A9000E0E513 /* Frameworks */,
				65AB2798256E8A9000E0E513 /* Resources */,
				97E97B12259B8D4400321A5B /* Embed Frameworks */,
			);
			buildRules = (
			);
			dependencies = (
			);
			name = Chapter6_UIKit;
			productName = Chapter6_UIKit;
			productReference = 65AB279A256E8A9000E0E513 /* Chapter6_UIKit.app */;
			productType = "com.apple.product-type.application";
		};
/* End PBXNativeTarget section */

/* Begin PBXProject section */
		65AB2792256E8A9000E0E513 /* Project object */ = {
			isa = PBXProject;
			attributes = {
				LastSwiftUpdateCheck = 1230;
				LastUpgradeCheck = 1230;
				TargetAttributes = {
					65AB2799256E8A9000E0E513 = {
						CreatedOnToolsVersion = 12.3;
					};
				};
			};
			buildConfigurationList = 65AB2795256E8A9000E0E513 /* Build configuration list for PBXProject "Chapter6_UIKit" */;
			compatibilityVersion = "Xcode 9.3";
			developmentRegion = en;
			hasScannedForEncodings = 0;
			knownRegions = (
				en,
				Base,
			);
			mainGroup = 65AB2791256E8A9000E0E513;
			productRefGroup = 65AB279B256E8A9000E0E513 /* Products */;
			projectDirPath = "";
			projectRoot = "";
			targets = (
				65AB2799256E8A9000E0E513 /* Chapter6_UIKit */,
			);
		};
/* End PBXProject section */

/* Begin PBXResourcesBuildPhase section */
		65AB2798256E8A9000E0E513 /* Resources */ = {
			isa = PBXResourcesBuildPhase;
			buildActionMask = 2147483647;
			files = (
				65AB27AA256E8A9200E0E513 /* LaunchScreen.storyboard in Resources */,
				65AB27A7256E8A9200E0E513 /* Assets.xcassets in Resources */,
			);
			runOnlyForDeploymentPostprocessing = 0;
		};
/* End PBXResourcesBuildPhase section */

/* Begin PBXSourcesBuildPhase section */
		65AB2796256E8A9000E0E513 /* Sources */ = {
			isa = PBXSourcesBuildPhase;
			buildActionMask = 2147483647;
			files = (
				65AB27A2256E8A9000E0E513 /* ViewController.swift in Sources */,
				65AB279E256E8A9000E0E513 /* AppDelegate.swift in Sources */,
				65AB27A0256E8A9000E0E513 /* SceneDelegate.swift in Sources */,
			);
			runOnlyForDeploymentPostprocessing = 0;
		};
/* End PBXSourcesBuildPhase section */

/* Begin PBXVariantGroup section */
		65AB27A8256E8A9200E0E513 /* LaunchScreen.storyboard */ = {
			isa = PBXVariantGroup;
			children = (
				65AB27A9256E8A9200E0E513 /* Base */,
			);
			name = LaunchScreen.storyboard;
			sourceTree = "<group>";
		};
/* End PBXVariantGroup section */

/* Begin XCBuildConfiguration section */
		65AB27AC256E8A9200E0E513 /* Debug */ = {
			isa = XCBuildConfiguration;
			buildSettings = {
				ALWAYS_SEARCH_USER_PATHS = NO;
				CLANG_ANALYZER_NONNULL = YES;
				CLANG_ANALYZER_NUMBER_OBJECT_CONVERSION = YES_AGGRESSIVE;
				CLANG_CXX_LANGUAGE_STANDARD = "gnu++14";
				CLANG_CXX_LIBRARY = "libc++";
				CLANG_ENABLE_MODULES = YES;
				CLANG_ENABLE_OBJC_ARC = YES;
				CLANG_ENABLE_OBJC_WEAK = YES;
				CLANG_WARN_BLOCK_CAPTURE_AUTORELEASING = YES;
				CLANG_WARN_BOOL_CONVERSION = YES;
				CLANG_WARN_COMMA = YES;
				CLANG_WARN_CONSTANT_CONVERSION = YES;
				CLANG_WARN_DEPRECATED_OBJC_IMPLEMENTATIONS = YES;
				CLANG_WARN_DIRECT_OBJC_ISA_USAGE = YES_ERROR;
				CLANG_WARN_DOCUMENTATION_COMMENTS = YES;
				CLANG_WARN_EMPTY_BODY = YES;
				CLANG_WARN_ENUM_CONVERSION = YES;
				CLANG_WARN_INFINITE_RECURSION = YES;
				CLANG_WARN_INT_CONVERSION = YES;
				CLANG_WARN_NON_LITERAL_NULL_CONVERSION = YES;
				CLANG_WARN_OBJC_IMPLICIT_RETAIN_SELF = YES;
				CLANG_WARN_OBJC_LITERAL_CONVERSION = YES;
				CLANG_WARN_OBJC_ROOT_CLASS = YES_ERROR;
				CLANG_WARN_QUOTED_INCLUDE_IN_FRAMEWORK_HEADER = YES;
				CLANG_WARN_RANGE_LOOP_ANALYSIS = YES;
				CLANG_WARN_STRICT_PROTOTYPES = YES;
				CLANG_WARN_SUSPICIOUS_MOVE = YES;
				CLANG_WARN_UNGUARDED_AVAILABILITY = YES_AGGRESSIVE;
				CLANG_WARN_UNREACHABLE_CODE = YES;
				CLANG_WARN__DUPLICATE_METHOD_MATCH = YES;
				COPY_PHASE_STRIP = NO;
				DEBUG_INFORMATION_FORMAT = dwarf;
				ENABLE_STRICT_OBJC_MSGSEND = YES;
				ENABLE_TESTABILITY = YES;
				GCC_C_LANGUAGE_STANDARD = gnu11;
				GCC_DYNAMIC_NO_PIC = NO;
				GCC_NO_COMMON_BLOCKS = YES;
				GCC_OPTIMIZATION_LEVEL = 0;
				GCC_PREPROCESSOR_DEFINITIONS = (
					"DEBUG=1",
					"$(inherited)",
				);
				GCC_WARN_64_TO_32_BIT_CONVERSION = YES;
				GCC_WARN_ABOUT_RETURN_TYPE = YES_ERROR;
				GCC_WARN_UNDECLARED_SELECTOR = YES;
				GCC_WARN_UNINITIALIZED_AUTOS = YES_AGGRESSIVE;
				GCC_WARN_UNUSED_FUNCTION = YES;
				GCC_WARN_UNUSED_VARIABLE = YES;
				IPHONEOS_DEPLOYMENT_TARGET = 14.3;
				MTL_ENABLE_DEBUG_INFO = INCLUDE_SOURCE;
				MTL_FAST_MATH = YES;
				ONLY_ACTIVE_ARCH = YES;
				SDKROOT = iphoneos;
				SWIFT_ACTIVE_COMPILATION_CONDITIONS = DEBUG;
				SWIFT_OPTIMIZATION_LEVEL = "-Onone";
			};
			name = Debug;
		};
		65AB27AD256E8A9200E0E513 /* Release */ = {
			isa = XCBuildConfiguration;
			buildSettings = {
				ALWAYS_SEARCH_USER_PATHS = NO;
				CLANG_ANALYZER_NONNULL = YES;
				CLANG_ANALYZER_NUMBER_OBJECT_CONVERSION = YES_AGGRESSIVE;
				CLANG_CXX_LANGUAGE_STANDARD = "gnu++14";
				CLANG_CXX_LIBRARY = "libc++";
				CLANG_ENABLE_MODULES = YES;
				CLANG_ENABLE_OBJC_ARC = YES;
				CLANG_ENABLE_OBJC_WEAK = YES;
				CLANG_WARN_BLOCK_CAPTURE_AUTORELEASING = YES;
				CLANG_WARN_BOOL_CONVERSION = YES;
				CLANG_WARN_COMMA = YES;
				CLANG_WARN_CONSTANT_CONVERSION = YES;
				CLANG_WARN_DEPRECATED_OBJC_IMPLEMENTATIONS = YES;
				CLANG_WARN_DIRECT_OBJC_ISA_USAGE = YES_ERROR;
				CLANG_WARN_DOCUMENTATION_COMMENTS = YES;
				CLANG_WARN_EMPTY_BODY = YES;
				CLANG_WARN_ENUM_CONVERSION = YES;
				CLANG_WARN_INFINITE_RECURSION = YES;
				CLANG_WARN_INT_CONVERSION = YES;
				CLANG_WARN_NON_LITERAL_NULL_CONVERSION = YES;
				CLANG_WARN_OBJC_IMPLICIT_RETAIN_SELF = YES;
				CLANG_WARN_OBJC_LITERAL_CONVERSION = YES;
				CLANG_WARN_OBJC_ROOT_CLASS = YES_ERROR;
				CLANG_WARN_QUOTED_INCLUDE_IN_FRAMEWORK_HEADER = YES;
				CLANG_WARN_RANGE_LOOP_ANALYSIS = YES;
				CLANG_WARN_STRICT_PROTOTYPES = YES;
				CLANG_WARN_SUSPICIOUS_MOVE = YES;
				CLANG_WARN_UNGUARDED_AVAILABILITY = YES_AGGRESSIVE;
				CLANG_WARN_UNREACHABLE_CODE = YES;
				CLANG_WARN__DUPLICATE_METHOD_MATCH = YES;
				COPY_PHASE_STRIP = NO;
				DEBUG_INFORMATION_FORMAT = "dwarf-with-dsym";
				ENABLE_NS_ASSERTIONS = NO;
				ENABLE_STRICT_OBJC_MSGSEND = YES;
				GCC_C_LANGUAGE_STANDARD = gnu11;
				GCC_NO_COMMON_BLOCKS = YES;
				GCC_WARN_64_TO_32_BIT_CONVERSION = YES;
				GCC_WARN_ABOUT_RETURN_TYPE = YES_ERROR;
				GCC_WARN_UNDECLARED_SELECTOR = YES;
				GCC_WARN_UNINITIALIZED_AUTOS = YES_AGGRESSIVE;
				GCC_WARN_UNUSED_FUNCTION = YES;
				GCC_WARN_UNUSED_VARIABLE = YES;
				IPHONEOS_DEPLOYMENT_TARGET = 14.3;
				MTL_ENABLE_DEBUG_INFO = NO;
				MTL_FAST_MATH = YES;
				SDKROOT = iphoneos;
				SWIFT_COMPILATION_MODE = wholemodule;
				SWIFT_OPTIMIZATION_LEVEL = "-O";
				VALIDATE_PRODUCT = YES;
			};
			name = Release;
		};
		65AB27AF256E8A9200E0E513 /* Debug */ = {
			isa = XCBuildConfiguration;
			buildSettings = {
				ASSETCATALOG_COMPILER_APPICON_NAME = AppIcon;
				ASSETCATALOG_COMPILER_GLOBAL_ACCENT_COLOR_NAME = AccentColor;
				CODE_SIGN_ENTITLEMENTS = Chapter6_UIKit/Chapter6_UIKit.entitlements;
				CODE_SIGN_STYLE = Automatic;
				DEVELOPMENT_TEAM = 4JMM8JMG3H;
				INFOPLIST_FILE = Chapter6_UIKit/Info.plist;
				IPHONEOS_DEPLOYMENT_TARGET = 14.0;
				LD_RUNPATH_SEARCH_PATHS = (
					"$(inherited)",
					"@executable_path/Frameworks",
				);
				PRODUCT_BUNDLE_IDENTIFIER = com.donnywals.Chapter6UIKit;
				PRODUCT_NAME = "$(TARGET_NAME)";
				SWIFT_VERSION = 5.0;
				TARGETED_DEVICE_FAMILY = "1,2";
			};
			name = Debug;
		};
		65AB27B0256E8A9200E0E513 /* Release */ = {
			isa = XCBuildConfiguration;
			buildSettings = {
				ASSETCATALOG_COMPILER_APPICON_NAME = AppIcon;
				ASSETCATALOG_COMPILER_GLOBAL_ACCENT_COLOR_NAME = AccentColor;
				CODE_SIGN_ENTITLEMENTS = Chapter6_UIKit/Chapter6_UIKit.entitlements;
				CODE_SIGN_STYLE = Automatic;
				DEVELOPMENT_TEAM = 4JMM8JMG3H;
				INFOPLIST_FILE = Chapter6_UIKit/Info.plist;
				IPHONEOS_DEPLOYMENT_TARGET = 14.0;
				LD_RUNPATH_SEARCH_PATHS = (
					"$(inherited)",
					"@executable_path/Frameworks",
				);
				PRODUCT_BUNDLE_IDENTIFIER = com.donnywals.Chapter6UIKit;
				PRODUCT_NAME = "$(TARGET_NAME)";
				SWIFT_VERSION = 5.0;
				TARGETED_DEVICE_FAMILY = "1,2";
			};
			name = Release;
		};
/* End XCBuildConfiguration section */

/* Begin XCConfigurationList section */
		65AB2795256E8A9000E0E513 /* Build configuration list for PBXProject "Chapter6_UIKit" */ = {
			isa = XCConfigurationList;
			buildConfigurations = (
				65AB27AC256E8A9200E0E513 /* Debug */,
				65AB27AD256E8A9200E0E513 /* Release */,
			);
			defaultConfigurationIsVisible = 0;
			defaultConfigurationName = Release;
		};
		65AB27AE256E8A9200E0E513 /* Build configuration list for PBXNativeTarget "Chapter6_UIKit" */ = {
			isa = XCConfigurationList;
			buildConfigurations = (
				65AB27AF256E8A9200E0E513 /* Debug */,
				65AB27B0256E8A9200E0E513 /* Release */,
			);
			defaultConfigurationIsVisible = 0;
			defaultConfigurationName = Release;
		};
/* End XCConfigurationList section */
	};
	rootObject = 65AB2792256E8A9000E0E513 /* Project object */;
}
