// !$*UTF8*$!
{
	archiveVersion = 1;
	classes = {
	};
	objectVersion = 50;
	objects = {

/* Begin PBXBuildFile section */
		65B91B1125714484006C414A /* Chapter7.h in Headers */ = {isa = PBXBuildFile; fileRef = 65B91B0F25714484006C414A /* Chapter7.h */; settings = {ATTRIBUTES = (Public, ); }; };
		65B91B1B257144F2006C414A /* Chapter7.xcdatamodeld in Sources */ = {isa = PBXBuildFile; fileRef = 65B91B19257144F2006C414A /* Chapter7.xcdatamodeld */; };
		65B91B1E25714502006C414A /* StorageProvider.swift in Sources */ = {isa = PBXBuildFile; fileRef = 65B91B1D25714502006C414A /* StorageProvider.swift */; };
		65B91B2125714611006C414A /* DataImporter.swift in Sources */ = {isa = PBXBuildFile; fileRef = 65B91B2025714611006C414A /* DataImporter.swift */; };
		65B91B2425728BB3006C414A /* sample_data.json in Resources */ = {isa = PBXBuildFile; fileRef = 65B91B2325728BB3006C414A /* sample_data.json */; };
		65B91B2825728BCC006C414A /* PointOfInterest.swift in Sources */ = {isa = PBXBuildFile; fileRef = 65B91B2725728BCC006C414A /* PointOfInterest.swift */; };
		65B91B2D25728BEF006C414A /* Category.swift in Sources */ = {isa = PBXBuildFile; fileRef = 65B91B2C25728BEF006C414A /* Category.swift */; };
		97A371DE25756480009A1547 /* Synchronizer.swift in Sources */ = {isa = PBXBuildFile; fileRef = 97A371DD25756480009A1547 /* Synchronizer.swift */; };
/* End PBXBuildFile section */

/* Begin PBXFileReference section */
		65B91B0C25714484006C414A /* Chapter7.framework */ = {isa = PBXFileReference; explicitFileType = wrapper.framework; includeInIndex = 0; path = Chapter7.framework; sourceTree = BUILT_PRODUCTS_DIR; };
		65B91B0F25714484006C414A /* Chapter7.h */ = {isa = PBXFileReference; lastKnownFileType = sourcecode.c.h; path = Chapter7.h; sourceTree = "<group>"; };
		65B91B1025714484006C414A /* Info.plist */ = {isa = PBXFileReference; lastKnownFileType = text.plist.xml; path = Info.plist; sourceTree = "<group>"; };
		65B91B1A257144F2006C414A /* Chapter7.xcdatamodel */ = {isa = PBXFileReference; lastKnownFileType = wrapper.xcdatamodel; path = Chapter7.xcdatamodel; sourceTree = "<group>"; };
		65B91B1D25714502006C414A /* StorageProvider.swift */ = {isa = PBXFileReference; lastKnownFileType = sourcecode.swift; path = StorageProvider.swift; sourceTree = "<group>"; };
		65B91B2025714611006C414A /* DataImporter.swift */ = {isa = PBXFileReference; lastKnownFileType = sourcecode.swift; path = DataImporter.swift; sourceTree = "<group>"; };
		65B91B2325728BB3006C414A /* sample_data.json */ = {isa = PBXFileReference; lastKnownFileType = text.json; path = sample_data.json; sourceTree = "<group>"; };
		65B91B2725728BCC006C414A /* PointOfInterest.swift */ = {isa = PBXFileReference; lastKnownFileType = sourcecode.swift; path = PointOfInterest.swift; sourceTree = "<group>"; };
		65B91B2C25728BEF006C414A /* Category.swift */ = {isa = PBXFileReference; lastKnownFileType = sourcecode.swift; path = Category.swift; sourceTree = "<group>"; };
		97A371DD25756480009A1547 /* Synchronizer.swift */ = {isa = PBXFileReference; lastKnownFileType = sourcecode.swift; path = Synchronizer.swift; sourceTree = "<group>"; };
/* End PBXFileReference section */

/* Begin PBXFrameworksBuildPhase section */
		65B91B0925714484006C414A /* Frameworks */ = {
			isa = PBXFrameworksBuildPhase;
			buildActionMask = 2147483647;
			files = (
			);
			runOnlyForDeploymentPostprocessing = 0;
		};
/* End PBXFrameworksBuildPhase section */

/* Begin PBXGroup section */
		65B91B0225714484006C414A = {
			isa = PBXGroup;
			children = (
				65B91B0E25714484006C414A /* Chapter7 */,
				65B91B0D25714484006C414A /* Products */,
			);
			sourceTree = "<group>";
		};
		65B91B0D25714484006C414A /* Products */ = {
			isa = PBXGroup;
			children = (
				65B91B0C25714484006C414A /* Chapter7.framework */,
			);
			name = Products;
			sourceTree = "<group>";
		};
		65B91B0E25714484006C414A /* Chapter7 */ = {
			isa = PBXGroup;
			children = (
				65B91B2625728BBE006C414A /* Models */,
				65B91B0F25714484006C414A /* Chapter7.h */,
				65B91B1025714484006C414A /* Info.plist */,
				65B91B19257144F2006C414A /* Chapter7.xcdatamodeld */,
				65B91B1D25714502006C414A /* StorageProvider.swift */,
				65B91B2025714611006C414A /* DataImporter.swift */,
				65B91B2325728BB3006C414A /* sample_data.json */,
				97A371DD25756480009A1547 /* Synchronizer.swift */,
			);
			path = Chapter7;
			sourceTree = "<group>";
		};
		65B91B2625728BBE006C414A /* Models */ = {
			isa = PBXGroup;
			children = (
				65B91B2725728BCC006C414A /* PointOfInterest.swift */,
				65B91B2C25728BEF006C414A /* Category.swift */,
			);
			path = Models;
			sourceTree = "<group>";
		};
/* End PBXGroup section */

/* Begin PBXHeadersBuildPhase section */
		65B91B0725714484006C414A /* Headers */ = {
			isa = PBXHeadersBuildPhase;
			buildActionMask = 2147483647;
			files = (
				65B91B1125714484006C414A /* Chapter7.h in Headers */,
			);
			runOnlyForDeploymentPostprocessing = 0;
		};
/* End PBXHeadersBuildPhase section */

/* Begin PBXNativeTarget section */
		65B91B0B25714484006C414A /* Chapter7 */ = {
			isa = PBXNativeTarget;
			buildConfigurationList = 65B91B1425714484006C414A /* Build configuration list for PBXNativeTarget "Chapter7" */;
			buildPhases = (
				65B91B0725714484006C414A /* Headers */,
				65B91B0825714484006C414A /* Sources */,
				65B91B0925714484006C414A /* Frameworks */,
				65B91B0A25714484006C414A /* Resources */,
			);
			buildRules = (
			);
			dependencies = (
			);
			name = Chapter7;
			productName = Chapter7;
			productReference = 65B91B0C25714484006C414A /* Chapter7.framework */;
			productType = "com.apple.product-type.framework";
		};
/* End PBXNativeTarget section */

/* Begin PBXProject section */
		65B91B0325714484006C414A /* Project object */ = {
			isa = PBXProject;
			attributes = {
				LastUpgradeCheck = 1200;
				TargetAttributes = {
					65B91B0B25714484006C414A = {
						CreatedOnToolsVersion = 12.0;
						LastSwiftMigration = 1200;
					};
				};
			};
			buildConfigurationList = 65B91B0625714484006C414A /* Build configuration list for PBXProject "Chapter7" */;
			compatibilityVersion = "Xcode 9.3";
			developmentRegion = en;
			hasScannedForEncodings = 0;
			knownRegions = (
				en,
				Base,
			);
			mainGroup = 65B91B0225714484006C414A;
			productRefGroup = 65B91B0D25714484006C414A /* Products */;
			projectDirPath = "";
			projectRoot = "";
			targets = (
				65B91B0B25714484006C414A /* Chapter7 */,
			);
		};
/* End PBXProject section */

/* Begin PBXResourcesBuildPhase section */
		65B91B0A25714484006C414A /* Resources */ = {
			isa = PBXResourcesBuildPhase;
			buildActionMask = 2147483647;
			files = (
				65B91B2425728BB3006C414A /* sample_data.json in Resources */,
			);
			runOnlyForDeploymentPostprocessing = 0;
		};
/* End PBXResourcesBuildPhase section */

/* Begin PBXSourcesBuildPhase section */
		65B91B0825714484006C414A /* Sources */ = {
			isa = PBXSourcesBuildPhase;
			buildActionMask = 2147483647;
			files = (
				65B91B2125714611006C414A /* DataImporter.swift in Sources */,
				65B91B2D25728BEF006C414A /* Category.swift in Sources */,
				65B91B2825728BCC006C414A /* PointOfInterest.swift in Sources */,
				65B91B1E25714502006C414A /* StorageProvider.swift in Sources */,
				65B91B1B257144F2006C414A /* Chapter7.xcdatamodeld in Sources */,
				97A371DE25756480009A1547 /* Synchronizer.swift in Sources */,
			);
			runOnlyForDeploymentPostprocessing = 0;
		};
/* End PBXSourcesBuildPhase section */

/* Begin XCBuildConfiguration section */
		65B91B1225714484006C414A /* Debug */ = {
			isa = XCBuildConfiguration;
			buildSettings = {
				ALWAYS_SEARCH_USER_PATHS = NO;
				CLANG_ANALYZER_NONNULL = YES;
				CLANG_ANALYZER_NUMBER_OBJECT_CONVERSION = YES_AGGRESSIVE;
				CLANG_CXX_LANGUAGE_STANDARD = "gnu++14";
				CLANG_CXX_LIBRARY = "libc++";
				CLANG_ENABLE_MODULES = YES;
				CLANG_ENABLE_OBJC_ARC = YES;
				CLANG_ENABLE_OBJC_WEAK = YES;
				CLANG_WARN_BLOCK_CAPTURE_AUTORELEASING = YES;
				CLANG_WARN_BOOL_CONVERSION = YES;
				CLANG_WARN_COMMA = YES;
				CLANG_WARN_CONSTANT_CONVERSION = YES;
				CLANG_WARN_DEPRECATED_OBJC_IMPLEMENTATIONS = YES;
				CLANG_WARN_DIRECT_OBJC_ISA_USAGE = YES_ERROR;
				CLANG_WARN_DOCUMENTATION_COMMENTS = YES;
				CLANG_WARN_EMPTY_BODY = YES;
				CLANG_WARN_ENUM_CONVERSION = YES;
				CLANG_WARN_INFINITE_RECURSION = YES;
				CLANG_WARN_INT_CONVERSION = YES;
				CLANG_WARN_NON_LITERAL_NULL_CONVERSION = YES;
				CLANG_WARN_OBJC_IMPLICIT_RETAIN_SELF = YES;
				CLANG_WARN_OBJC_LITERAL_CONVERSION = YES;
				CLANG_WARN_OBJC_ROOT_CLASS = YES_ERROR;
				CLANG_WARN_QUOTED_INCLUDE_IN_FRAMEWORK_HEADER = YES;
				CLANG_WARN_RANGE_LOOP_ANALYSIS = YES;
				CLANG_WARN_STRICT_PROTOTYPES = YES;
				CLANG_WARN_SUSPICIOUS_MOVE = YES;
				CLANG_WARN_UNGUARDED_AVAILABILITY = YES_AGGRESSIVE;
				CLANG_WARN_UNREACHABLE_CODE = YES;
				CLANG_WARN__DUPLICATE_METHOD_MATCH = YES;
				COPY_PHASE_STRIP = NO;
				CURRENT_PROJECT_VERSION = 1;
				DEBUG_INFORMATION_FORMAT = dwarf;
				ENABLE_STRICT_OBJC_MSGSEND = YES;
				ENABLE_TESTABILITY = YES;
				GCC_C_LANGUAGE_STANDARD = gnu11;
				GCC_DYNAMIC_NO_PIC = NO;
				GCC_NO_COMMON_BLOCKS = YES;
				GCC_OPTIMIZATION_LEVEL = 0;
				GCC_PREPROCESSOR_DEFINITIONS = (
					"DEBUG=1",
					"$(inherited)",
				);
				GCC_WARN_64_TO_32_BIT_CONVERSION = YES;
				GCC_WARN_ABOUT_RETURN_TYPE = YES_ERROR;
				GCC_WARN_UNDECLARED_SELECTOR = YES;
				GCC_WARN_UNINITIALIZED_AUTOS = YES_AGGRESSIVE;
				GCC_WARN_UNUSED_FUNCTION = YES;
				GCC_WARN_UNUSED_VARIABLE = YES;
				IPHONEOS_DEPLOYMENT_TARGET = 14.0;
				MTL_ENABLE_DEBUG_INFO = INCLUDE_SOURCE;
				MTL_FAST_MATH = YES;
				ONLY_ACTIVE_ARCH = YES;
				SDKROOT = iphoneos;
				SWIFT_ACTIVE_COMPILATION_CONDITIONS = DEBUG;
				SWIFT_OPTIMIZATION_LEVEL = "-Onone";
				VERSIONING_SYSTEM = "apple-generic";
				VERSION_INFO_PREFIX = "";
			};
			name = Debug;
		};
		65B91B1325714484006C414A /* Release */ = {
			isa = XCBuildConfiguration;
			buildSettings = {
				ALWAYS_SEARCH_USER_PATHS = NO;
				CLANG_ANALYZER_NONNULL = YES;
				CLANG_ANALYZER_NUMBER_OBJECT_CONVERSION = YES_AGGRESSIVE;
				CLANG_CXX_LANGUAGE_STANDARD = "gnu++14";
				CLANG_CXX_LIBRARY = "libc++";
				CLANG_ENABLE_MODULES = YES;
				CLANG_ENABLE_OBJC_ARC = YES;
				CLANG_ENABLE_OBJC_WEAK = YES;
				CLANG_WARN_BLOCK_CAPTURE_AUTORELEASING = YES;
				CLANG_WARN_BOOL_CONVERSION = YES;
				CLANG_WARN_COMMA = YES;
				CLANG_WARN_CONSTANT_CONVERSION = YES;
				CLANG_WARN_DEPRECATED_OBJC_IMPLEMENTATIONS = YES;
				CLANG_WARN_DIRECT_OBJC_ISA_USAGE = YES_ERROR;
				CLANG_WARN_DOCUMENTATION_COMMENTS = YES;
				CLANG_WARN_EMPTY_BODY = YES;
				CLANG_WARN_ENUM_CONVERSION = YES;
				CLANG_WARN_INFINITE_RECURSION = YES;
				CLANG_WARN_INT_CONVERSION = YES;
				CLANG_WARN_NON_LITERAL_NULL_CONVERSION = YES;
				CLANG_WARN_OBJC_IMPLICIT_RETAIN_SELF = YES;
				CLANG_WARN_OBJC_LITERAL_CONVERSION = YES;
				CLANG_WARN_OBJC_ROOT_CLASS = YES_ERROR;
				CLANG_WARN_QUOTED_INCLUDE_IN_FRAMEWORK_HEADER = YES;
				CLANG_WARN_RANGE_LOOP_ANALYSIS = YES;
				CLANG_WARN_STRICT_PROTOTYPES = YES;
				CLANG_WARN_SUSPICIOUS_MOVE = YES;
				CLANG_WARN_UNGUARDED_AVAILABILITY = YES_AGGRESSIVE;
				CLANG_WARN_UNREACHABLE_CODE = YES;
				CLANG_WARN__DUPLICATE_METHOD_MATCH = YES;
				COPY_PHASE_STRIP = NO;
				CURRENT_PROJECT_VERSION = 1;
				DEBUG_INFORMATION_FORMAT = "dwarf-with-dsym";
				ENABLE_NS_ASSERTIONS = NO;
				ENABLE_STRICT_OBJC_MSGSEND = YES;
				GCC_C_LANGUAGE_STANDARD = gnu11;
				GCC_NO_COMMON_BLOCKS = YES;
				GCC_WARN_64_TO_32_BIT_CONVERSION = YES;
				GCC_WARN_ABOUT_RETURN_TYPE = YES_ERROR;
				GCC_WARN_UNDECLARED_SELECTOR = YES;
				GCC_WARN_UNINITIALIZED_AUTOS = YES_AGGRESSIVE;
				GCC_WARN_UNUSED_FUNCTION = YES;
				GCC_WARN_UNUSED_VARIABLE = YES;
				IPHONEOS_DEPLOYMENT_TARGET = 14.0;
				MTL_ENABLE_DEBUG_INFO = NO;
				MTL_FAST_MATH = YES;
				SDKROOT = iphoneos;
				SWIFT_COMPILATION_MODE = wholemodule;
				SWIFT_OPTIMIZATION_LEVEL = "-O";
				VALIDATE_PRODUCT = YES;
				VERSIONING_SYSTEM = "apple-generic";
				VERSION_INFO_PREFIX = "";
			};
			name = Release;
		};
		65B91B1525714484006C414A /* Debug */ = {
			isa = XCBuildConfiguration;
			buildSettings = {
				CLANG_ENABLE_MODULES = YES;
				CODE_SIGN_STYLE = Automatic;
				DEFINES_MODULE = YES;
				DEVELOPMENT_TEAM = GQ9U2Y6GE3;
				DYLIB_COMPATIBILITY_VERSION = 1;
				DYLIB_CURRENT_VERSION = 1;
				DYLIB_INSTALL_NAME_BASE = "@rpath";
				INFOPLIST_FILE = Chapter7/Info.plist;
				INSTALL_PATH = "$(LOCAL_LIBRARY_DIR)/Frameworks";
				LD_RUNPATH_SEARCH_PATHS = (
					"$(inherited)",
					"@executable_path/Frameworks",
					"@loader_path/Frameworks",
				);
				PRODUCT_BUNDLE_IDENTIFIER = com.donnywals.Chapter7;
				PRODUCT_NAME = "$(TARGET_NAME:c99extidentifier)";
				SKIP_INSTALL = YES;
				SWIFT_OPTIMIZATION_LEVEL = "-Onone";
				SWIFT_VERSION = 5.0;
				TARGETED_DEVICE_FAMILY = "1,2";
			};
			name = Debug;
		};
		65B91B1625714484006C414A /* Release */ = {
			isa = XCBuildConfiguration;
			buildSettings = {
				CLANG_ENABLE_MODULES = YES;
				CODE_SIGN_STYLE = Automatic;
				DEFINES_MODULE = YES;
				DEVELOPMENT_TEAM = GQ9U2Y6GE3;
				DYLIB_COMPATIBILITY_VERSION = 1;
				DYLIB_CURRENT_VERSION = 1;
				DYLIB_INSTALL_NAME_BASE = "@rpath";
				INFOPLIST_FILE = Chapter7/Info.plist;
				INSTALL_PATH = "$(LOCAL_LIBRARY_DIR)/Frameworks";
				LD_RUNPATH_SEARCH_PATHS = (
					"$(inherited)",
					"@executable_path/Frameworks",
					"@loader_path/Frameworks",
				);
				PRODUCT_BUNDLE_IDENTIFIER = com.donnywals.Chapter7;
				PRODUCT_NAME = "$(TARGET_NAME:c99extidentifier)";
				SKIP_INSTALL = YES;
				SWIFT_VERSION = 5.0;
				TARGETED_DEVICE_FAMILY = "1,2";
			};
			name = Release;
		};
/* End XCBuildConfiguration section */

/* Begin XCConfigurationList section */
		65B91B0625714484006C414A /* Build configuration list for PBXProject "Chapter7" */ = {
			isa = XCConfigurationList;
			buildConfigurations = (
				65B91B1225714484006C414A /* Debug */,
				65B91B1325714484006C414A /* Release */,
			);
			defaultConfigurationIsVisible = 0;
			defaultConfigurationName = Release;
		};
		65B91B1425714484006C414A /* Build configuration list for PBXNativeTarget "Chapter7" */ = {
			isa = XCConfigurationList;
			buildConfigurations = (
				65B91B1525714484006C414A /* Debug */,
				65B91B1625714484006C414A /* Release */,
			);
			defaultConfigurationIsVisible = 0;
			defaultConfigurationName = Release;
		};
/* End XCConfigurationList section */

/* Begin XCVersionGroup section */
		65B91B19257144F2006C414A /* Chapter7.xcdatamodeld */ = {
			isa = XCVersionGroup;
			children = (
				65B91B1A257144F2006C414A /* Chapter7.xcdatamodel */,
			);
			currentVersion = 65B91B1A257144F2006C414A /* Chapter7.xcdatamodel */;
			path = Chapter7.xcdatamodeld;
			sourceTree = "<group>";
			versionGroupType = wrapper.xcdatamodel;
		};
/* End XCVersionGroup section */
	};
	rootObject = 65B91B0325714484006C414A /* Project object */;
}
