// !$*UTF8*$!
{
	archiveVersion = 1;
	classes = {
	};
	objectVersion = 50;
	objects = {

/* Begin PBXBuildFile section */
		65E10E8625816C1F005CACEE /* Chapter4_SwiftUIApp.swift in Sources */ = {isa = PBXBuildFile; fileRef = 65E10E8525816C1F005CACEE /* Chapter4_SwiftUIApp.swift */; };
		65E10E8825816C1F005CACEE /* ContentView.swift in Sources */ = {isa = PBXBuildFile; fileRef = 65E10E8725816C1F005CACEE /* ContentView.swift */; };
		65E10E8A25816C20005CACEE /* Assets.xcassets in Resources */ = {isa = PBXBuildFile; fileRef = 65E10E8925816C20005CACEE /* Assets.xcassets */; };
		65E10E8D25816C20005CACEE /* Preview Assets.xcassets in Resources */ = {isa = PBXBuildFile; fileRef = 65E10E8C25816C20005CACEE /* Preview Assets.xcassets */; };
		65E10EB325817A21005CACEE /* ImportView.swift in Sources */ = {isa = PBXBuildFile; fileRef = 65E10EB225817A21005CACEE /* ImportView.swift */; };
		65E10EB625817A4B005CACEE /* MoviesView.swift in Sources */ = {isa = PBXBuildFile; fileRef = 65E10EB525817A4B005CACEE /* MoviesView.swift */; };
		65E10EBA25817A54005CACEE /* StorageProvider.framework in Frameworks */ = {isa = PBXBuildFile; fileRef = 65E10EB925817A54005CACEE /* StorageProvider.framework */; };
		65E10EBB25817A54005CACEE /* StorageProvider.framework in Embed Frameworks */ = {isa = PBXBuildFile; fileRef = 65E10EB925817A54005CACEE /* StorageProvider.framework */; settings = {ATTRIBUTES = (CodeSignOnCopy, RemoveHeadersOnCopy, ); }; };
		65E10EC325817A76005CACEE /* FetchRequestMoviesView.swift in Sources */ = {isa = PBXBuildFile; fileRef = 65E10EC225817A76005CACEE /* FetchRequestMoviesView.swift */; };
/* End PBXBuildFile section */

/* Begin PBXCopyFilesBuildPhase section */
		65E10EBC25817A54005CACEE /* Embed Frameworks */ = {
			isa = PBXCopyFilesBuildPhase;
			buildActionMask = 2147483647;
			dstPath = "";
			dstSubfolderSpec = 10;
			files = (
				65E10EBB25817A54005CACEE /* StorageProvider.framework in Embed Frameworks */,
			);
			name = "Embed Frameworks";
			runOnlyForDeploymentPostprocessing = 0;
		};
/* End PBXCopyFilesBuildPhase section */

/* Begin PBXFileReference section */
		65E10E8225816C1F005CACEE /* Chapter4_SwiftUI.app */ = {isa = PBXFileReference; explicitFileType = wrapper.application; includeInIndex = 0; path = Chapter4_SwiftUI.app; sourceTree = BUILT_PRODUCTS_DIR; };
		65E10E8525816C1F005CACEE /* Chapter4_SwiftUIApp.swift */ = {isa = PBXFileReference; lastKnownFileType = sourcecode.swift; path = Chapter4_SwiftUIApp.swift; sourceTree = "<group>"; };
		65E10E8725816C1F005CACEE /* ContentView.swift */ = {isa = PBXFileReference; lastKnownFileType = sourcecode.swift; path = ContentView.swift; sourceTree = "<group>"; };
		65E10E8925816C20005CACEE /* Assets.xcassets */ = {isa = PBXFileReference; lastKnownFileType = folder.assetcatalog; path = Assets.xcassets; sourceTree = "<group>"; };
		65E10E8C25816C20005CACEE /* Preview Assets.xcassets */ = {isa = PBXFileReference; lastKnownFileType = folder.assetcatalog; path = "Preview Assets.xcassets"; sourceTree = "<group>"; };
		65E10E8E25816C20005CACEE /* Info.plist */ = {isa = PBXFileReference; lastKnownFileType = text.plist.xml; path = Info.plist; sourceTree = "<group>"; };
		65E10EB225817A21005CACEE /* ImportView.swift */ = {isa = PBXFileReference; lastKnownFileType = sourcecode.swift; path = ImportView.swift; sourceTree = "<group>"; };
		65E10EB525817A4B005CACEE /* MoviesView.swift */ = {isa = PBXFileReference; lastKnownFileType = sourcecode.swift; path = MoviesView.swift; sourceTree = "<group>"; };
		65E10EB925817A54005CACEE /* StorageProvider.framework */ = {isa = PBXFileReference; explicitFileType = wrapper.framework; path = StorageProvider.framework; sourceTree = BUILT_PRODUCTS_DIR; };
		65E10EC225817A76005CACEE /* FetchRequestMoviesView.swift */ = {isa = PBXFileReference; lastKnownFileType = sourcecode.swift; path = FetchRequestMoviesView.swift; sourceTree = "<group>"; };
/* End PBXFileReference section */

/* Begin PBXFrameworksBuildPhase section */
		65E10E7F25816C1F005CACEE /* Frameworks */ = {
			isa = PBXFrameworksBuildPhase;
			buildActionMask = 2147483647;
			files = (
				65E10EBA25817A54005CACEE /* StorageProvider.framework in Frameworks */,
			);
			runOnlyForDeploymentPostprocessing = 0;
		};
/* End PBXFrameworksBuildPhase section */

/* Begin PBXGroup section */
		65E10E7925816C1F005CACEE = {
			isa = PBXGroup;
			children = (
				65E10E8425816C1F005CACEE /* Chapter4_SwiftUI */,
				65E10E8325816C1F005CACEE /* Products */,
				65E10EB825817A54005CACEE /* Frameworks */,
			);
			sourceTree = "<group>";
		};
		65E10E8325816C1F005CACEE /* Products */ = {
			isa = PBXGroup;
			children = (
				65E10E8225816C1F005CACEE /* Chapter4_SwiftUI.app */,
			);
			name = Products;
			sourceTree = "<group>";
		};
		65E10E8425816C1F005CACEE /* Chapter4_SwiftUI */ = {
			isa = PBXGroup;
			children = (
				65E10E8525816C1F005CACEE /* Chapter4_SwiftUIApp.swift */,
				65E10E8725816C1F005CACEE /* ContentView.swift */,
				65E10EB225817A21005CACEE /* ImportView.swift */,
				65E10EB525817A4B005CACEE /* MoviesView.swift */,
				65E10EC225817A76005CACEE /* FetchRequestMoviesView.swift */,
				65E10E8925816C20005CACEE /* Assets.xcassets */,
				65E10E8E25816C20005CACEE /* Info.plist */,
				65E10E8B25816C20005CACEE /* Preview Content */,
			);
			path = Chapter4_SwiftUI;
			sourceTree = "<group>";
		};
		65E10E8B25816C20005CACEE /* Preview Content */ = {
			isa = PBXGroup;
			children = (
				65E10E8C25816C20005CACEE /* Preview Assets.xcassets */,
			);
			path = "Preview Content";
			sourceTree = "<group>";
		};
		65E10EB825817A54005CACEE /* Frameworks */ = {
			isa = PBXGroup;
			children = (
				65E10EB925817A54005CACEE /* StorageProvider.framework */,
			);
			name = Frameworks;
			sourceTree = "<group>";
		};
/* End PBXGroup section */

/* Begin PBXNativeTarget section */
		65E10E8125816C1F005CACEE /* Chapter4_SwiftUI */ = {
			isa = PBXNativeTarget;
			buildConfigurationList = 65E10E9125816C20005CACEE /* Build configuration list for PBXNativeTarget "Chapter4_SwiftUI" */;
			buildPhases = (
				65E10E7E25816C1F005CACEE /* Sources */,
				65E10E7F25816C1F005CACEE /* Frameworks */,
				65E10E8025816C1F005CACEE /* Resources */,
				65E10EBC25817A54005CACEE /* Embed Frameworks */,
			);
			buildRules = (
			);
			dependencies = (
			);
			name = Chapter4_SwiftUI;
			productName = Chapter4_SwiftUI;
			productReference = 65E10E8225816C1F005CACEE /* Chapter4_SwiftUI.app */;
			productType = "com.apple.product-type.application";
		};
/* End PBXNativeTarget section */

/* Begin PBXProject section */
		65E10E7A25816C1F005CACEE /* Project object */ = {
			isa = PBXProject;
			attributes = {
				LastSwiftUpdateCheck = 1200;
				LastUpgradeCheck = 1200;
				TargetAttributes = {
					65E10E8125816C1F005CACEE = {
						CreatedOnToolsVersion = 12.0;
					};
				};
			};
			buildConfigurationList = 65E10E7D25816C1F005CACEE /* Build configuration list for PBXProject "Chapter4_SwiftUI" */;
			compatibilityVersion = "Xcode 9.3";
			developmentRegion = en;
			hasScannedForEncodings = 0;
			knownRegions = (
				en,
				Base,
			);
			mainGroup = 65E10E7925816C1F005CACEE;
			productRefGroup = 65E10E8325816C1F005CACEE /* Products */;
			projectDirPath = "";
			projectRoot = "";
			targets = (
				65E10E8125816C1F005CACEE /* Chapter4_SwiftUI */,
			);
		};
/* End PBXProject section */

/* Begin PBXResourcesBuildPhase section */
		65E10E8025816C1F005CACEE /* Resources */ = {
			isa = PBXResourcesBuildPhase;
			buildActionMask = 2147483647;
			files = (
				65E10E8D25816C20005CACEE /* Preview Assets.xcassets in Resources */,
				65E10E8A25816C20005CACEE /* Assets.xcassets in Resources */,
			);
			runOnlyForDeploymentPostprocessing = 0;
		};
/* End PBXResourcesBuildPhase section */

/* Begin PBXSourcesBuildPhase section */
		65E10E7E25816C1F005CACEE /* Sources */ = {
			isa = PBXSourcesBuildPhase;
			buildActionMask = 2147483647;
			files = (
				65E10EC325817A76005CACEE /* FetchRequestMoviesView.swift in Sources */,
				65E10E8825816C1F005CACEE /* ContentView.swift in Sources */,
				65E10EB625817A4B005CACEE /* MoviesView.swift in Sources */,
				65E10EB325817A21005CACEE /* ImportView.swift in Sources */,
				65E10E8625816C1F005CACEE /* Chapter4_SwiftUIApp.swift in Sources */,
			);
			runOnlyForDeploymentPostprocessing = 0;
		};
/* End PBXSourcesBuildPhase section */

/* Begin XCBuildConfiguration section */
		65E10E8F25816C20005CACEE /* Debug */ = {
			isa = XCBuildConfiguration;
			buildSettings = {
				ALWAYS_SEARCH_USER_PATHS = NO;
				CLANG_ANALYZER_NONNULL = YES;
				CLANG_ANALYZER_NUMBER_OBJECT_CONVERSION = YES_AGGRESSIVE;
				CLANG_CXX_LANGUAGE_STANDARD = "gnu++14";
				CLANG_CXX_LIBRARY = "libc++";
				CLANG_ENABLE_MODULES = YES;
				CLANG_ENABLE_OBJC_ARC = YES;
				CLANG_ENABLE_OBJC_WEAK = YES;
				CLANG_WARN_BLOCK_CAPTURE_AUTORELEASING = YES;
				CLANG_WARN_BOOL_CONVERSION = YES;
				CLANG_WARN_COMMA = YES;
				CLANG_WARN_CONSTANT_CONVERSION = YES;
				CLANG_WARN_DEPRECATED_OBJC_IMPLEMENTATIONS = YES;
				CLANG_WARN_DIRECT_OBJC_ISA_USAGE = YES_ERROR;
				CLANG_WARN_DOCUMENTATION_COMMENTS = YES;
				CLANG_WARN_EMPTY_BODY = YES;
				CLANG_WARN_ENUM_CONVERSION = YES;
				CLANG_WARN_INFINITE_RECURSION = YES;
				CLANG_WARN_INT_CONVERSION = YES;
				CLANG_WARN_NON_LITERAL_NULL_CONVERSION = YES;
				CLANG_WARN_OBJC_IMPLICIT_RETAIN_SELF = YES;
				CLANG_WARN_OBJC_LITERAL_CONVERSION = YES;
				CLANG_WARN_OBJC_ROOT_CLASS = YES_ERROR;
				CLANG_WARN_QUOTED_INCLUDE_IN_FRAMEWORK_HEADER = YES;
				CLANG_WARN_RANGE_LOOP_ANALYSIS = YES;
				CLANG_WARN_STRICT_PROTOTYPES = YES;
				CLANG_WARN_SUSPICIOUS_MOVE = YES;
				CLANG_WARN_UNGUARDED_AVAILABILITY = YES_AGGRESSIVE;
				CLANG_WARN_UNREACHABLE_CODE = YES;
				CLANG_WARN__DUPLICATE_METHOD_MATCH = YES;
				COPY_PHASE_STRIP = NO;
				DEBUG_INFORMATION_FORMAT = dwarf;
				ENABLE_STRICT_OBJC_MSGSEND = YES;
				ENABLE_TESTABILITY = YES;
				GCC_C_LANGUAGE_STANDARD = gnu11;
				GCC_DYNAMIC_NO_PIC = NO;
				GCC_NO_COMMON_BLOCKS = YES;
				GCC_OPTIMIZATION_LEVEL = 0;
				GCC_PREPROCESSOR_DEFINITIONS = (
					"DEBUG=1",
					"$(inherited)",
				);
				GCC_WARN_64_TO_32_BIT_CONVERSION = YES;
				GCC_WARN_ABOUT_RETURN_TYPE = YES_ERROR;
				GCC_WARN_UNDECLARED_SELECTOR = YES;
				GCC_WARN_UNINITIALIZED_AUTOS = YES_AGGRESSIVE;
				GCC_WARN_UNUSED_FUNCTION = YES;
				GCC_WARN_UNUSED_VARIABLE = YES;
				IPHONEOS_DEPLOYMENT_TARGET = 14.0;
				MTL_ENABLE_DEBUG_INFO = INCLUDE_SOURCE;
				MTL_FAST_MATH = YES;
				ONLY_ACTIVE_ARCH = YES;
				SDKROOT = iphoneos;
				SWIFT_ACTIVE_COMPILATION_CONDITIONS = DEBUG;
				SWIFT_OPTIMIZATION_LEVEL = "-Onone";
			};
			name = Debug;
		};
		65E10E9025816C20005CACEE /* Release */ = {
			isa = XCBuildConfiguration;
			buildSettings = {
				ALWAYS_SEARCH_USER_PATHS = NO;
				CLANG_ANALYZER_NONNULL = YES;
				CLANG_ANALYZER_NUMBER_OBJECT_CONVERSION = YES_AGGRESSIVE;
				CLANG_CXX_LANGUAGE_STANDARD = "gnu++14";
				CLANG_CXX_LIBRARY = "libc++";
				CLANG_ENABLE_MODULES = YES;
				CLANG_ENABLE_OBJC_ARC = YES;
				CLANG_ENABLE_OBJC_WEAK = YES;
				CLANG_WARN_BLOCK_CAPTURE_AUTORELEASING = YES;
				CLANG_WARN_BOOL_CONVERSION = YES;
				CLANG_WARN_COMMA = YES;
				CLANG_WARN_CONSTANT_CONVERSION = YES;
				CLANG_WARN_DEPRECATED_OBJC_IMPLEMENTATIONS = YES;
				CLANG_WARN_DIRECT_OBJC_ISA_USAGE = YES_ERROR;
				CLANG_WARN_DOCUMENTATION_COMMENTS = YES;
				CLANG_WARN_EMPTY_BODY = YES;
				CLANG_WARN_ENUM_CONVERSION = YES;
				CLANG_WARN_INFINITE_RECURSION = YES;
				CLANG_WARN_INT_CONVERSION = YES;
				CLANG_WARN_NON_LITERAL_NULL_CONVERSION = YES;
				CLANG_WARN_OBJC_IMPLICIT_RETAIN_SELF = YES;
				CLANG_WARN_OBJC_LITERAL_CONVERSION = YES;
				CLANG_WARN_OBJC_ROOT_CLASS = YES_ERROR;
				CLANG_WARN_QUOTED_INCLUDE_IN_FRAMEWORK_HEADER = YES;
				CLANG_WARN_RANGE_LOOP_ANALYSIS = YES;
				CLANG_WARN_STRICT_PROTOTYPES = YES;
				CLANG_WARN_SUSPICIOUS_MOVE = YES;
				CLANG_WARN_UNGUARDED_AVAILABILITY = YES_AGGRESSIVE;
				CLANG_WARN_UNREACHABLE_CODE = YES;
				CLANG_WARN__DUPLICATE_METHOD_MATCH = YES;
				COPY_PHASE_STRIP = NO;
				DEBUG_INFORMATION_FORMAT = "dwarf-with-dsym";
				ENABLE_NS_ASSERTIONS = NO;
				ENABLE_STRICT_OBJC_MSGSEND = YES;
				GCC_C_LANGUAGE_STANDARD = gnu11;
				GCC_NO_COMMON_BLOCKS = YES;
				GCC_WARN_64_TO_32_BIT_CONVERSION = YES;
				GCC_WARN_ABOUT_RETURN_TYPE = YES_ERROR;
				GCC_WARN_UNDECLARED_SELECTOR = YES;
				GCC_WARN_UNINITIALIZED_AUTOS = YES_AGGRESSIVE;
				GCC_WARN_UNUSED_FUNCTION = YES;
				GCC_WARN_UNUSED_VARIABLE = YES;
				IPHONEOS_DEPLOYMENT_TARGET = 14.0;
				MTL_ENABLE_DEBUG_INFO = NO;
				MTL_FAST_MATH = YES;
				SDKROOT = iphoneos;
				SWIFT_COMPILATION_MODE = wholemodule;
				SWIFT_OPTIMIZATION_LEVEL = "-O";
				VALIDATE_PRODUCT = YES;
			};
			name = Release;
		};
		65E10E9225816C20005CACEE /* Debug */ = {
			isa = XCBuildConfiguration;
			buildSettings = {
				ASSETCATALOG_COMPILER_APPICON_NAME = AppIcon;
				ASSETCATALOG_COMPILER_GLOBAL_ACCENT_COLOR_NAME = AccentColor;
				CODE_SIGN_STYLE = Automatic;
				DEVELOPMENT_ASSET_PATHS = "\"Chapter4_SwiftUI/Preview Content\"";
				DEVELOPMENT_TEAM = 4JMM8JMG3H;
				ENABLE_PREVIEWS = YES;
				INFOPLIST_FILE = Chapter4_SwiftUI/Info.plist;
				IPHONEOS_DEPLOYMENT_TARGET = 14.0;
				LD_RUNPATH_SEARCH_PATHS = (
					"$(inherited)",
					"@executable_path/Frameworks",
				);
				PRODUCT_BUNDLE_IDENTIFIER = "com.practicalcoredata.Chapter4-SwiftUI";
				PRODUCT_NAME = "$(TARGET_NAME)";
				SWIFT_VERSION = 5.0;
				TARGETED_DEVICE_FAMILY = "1,2";
			};
			name = Debug;
		};
		65E10E9325816C20005CACEE /* Release */ = {
			isa = XCBuildConfiguration;
			buildSettings = {
				ASSETCATALOG_COMPILER_APPICON_NAME = AppIcon;
				ASSETCATALOG_COMPILER_GLOBAL_ACCENT_COLOR_NAME = AccentColor;
				CODE_SIGN_STYLE = Automatic;
				DEVELOPMENT_ASSET_PATHS = "\"Chapter4_SwiftUI/Preview Content\"";
				DEVELOPMENT_TEAM = 4JMM8JMG3H;
				ENABLE_PREVIEWS = YES;
				INFOPLIST_FILE = Chapter4_SwiftUI/Info.plist;
				IPHONEOS_DEPLOYMENT_TARGET = 14.0;
				LD_RUNPATH_SEARCH_PATHS = (
					"$(inherited)",
					"@executable_path/Frameworks",
				);
				PRODUCT_BUNDLE_IDENTIFIER = "com.practicalcoredata.Chapter4-SwiftUI";
				PRODUCT_NAME = "$(TARGET_NAME)";
				SWIFT_VERSION = 5.0;
				TARGETED_DEVICE_FAMILY = "1,2";
			};
			name = Release;
		};
/* End XCBuildConfiguration section */

/* Begin XCConfigurationList section */
		65E10E7D25816C1F005CACEE /* Build configuration list for PBXProject "Chapter4_SwiftUI" */ = {
			isa = XCConfigurationList;
			buildConfigurations = (
				65E10E8F25816C20005CACEE /* Debug */,
				65E10E9025816C20005CACEE /* Release */,
			);
			defaultConfigurationIsVisible = 0;
			defaultConfigurationName = Release;
		};
		65E10E9125816C20005CACEE /* Build configuration list for PBXNativeTarget "Chapter4_SwiftUI" */ = {
			isa = XCConfigurationList;
			buildConfigurations = (
				65E10E9225816C20005CACEE /* Debug */,
				65E10E9325816C20005CACEE /* Release */,
			);
			defaultConfigurationIsVisible = 0;
			defaultConfigurationName = Release;
		};
/* End XCConfigurationList section */
	};
	rootObject = 65E10E7A25816C1F005CACEE /* Project object */;
}
